// !$*UTF8*$!
{
	archiveVersion = 1;
	classes = {
	};
	objectVersion = 50;
	objects = {

/* Begin PBXBuildFile section */
		1EEC75438D2BF77F87FEB59E /* Pods_CapstoneProject.framework in Frameworks */ = {isa = PBXBuildFile; fileRef = E96DBE2538AB16B79EA0375F /* Pods_CapstoneProject.framework */; };
		DD186D372411CF4800BDEBDE /* ProductionManagementDetailContract.swift in Sources */ = {isa = PBXBuildFile; fileRef = DD186D362411CF4800BDEBDE /* ProductionManagementDetailContract.swift */; };
		DD186D392411CFD600BDEBDE /* ProductionManagementDetailModel.swift in Sources */ = {isa = PBXBuildFile; fileRef = DD186D382411CFD600BDEBDE /* ProductionManagementDetailModel.swift */; };
		DD186D3B2411F23900BDEBDE /* ProductionManagementDetailController.swift in Sources */ = {isa = PBXBuildFile; fileRef = DD186D3A2411F23900BDEBDE /* ProductionManagementDetailController.swift */; };
		DD186D3D2413801D00BDEBDE /* MyScrollTable.swift in Sources */ = {isa = PBXBuildFile; fileRef = DD186D3C2413801D00BDEBDE /* MyScrollTable.swift */; };
		DD186D412416932700BDEBDE /* FinancingInfoDetailModel.swift in Sources */ = {isa = PBXBuildFile; fileRef = DD186D402416932700BDEBDE /* FinancingInfoDetailModel.swift */; };
		DD186D452416966100BDEBDE /* CapitalRaisingInfoDetailModel.swift in Sources */ = {isa = PBXBuildFile; fileRef = DD186D442416966100BDEBDE /* CapitalRaisingInfoDetailModel.swift */; };
		DD186D4724169E4A00BDEBDE /* FinancingInfoDetailController.swift in Sources */ = {isa = PBXBuildFile; fileRef = DD186D4624169E4A00BDEBDE /* FinancingInfoDetailController.swift */; };
		DD186D492418A90A00BDEBDE /* CapitalRaisingInfoDetailController.swift in Sources */ = {isa = PBXBuildFile; fileRef = DD186D482418A90A00BDEBDE /* CapitalRaisingInfoDetailController.swift */; };
		DD186D4B2418A92A00BDEBDE /* CapitalRaisingInfoDetailContract.swift in Sources */ = {isa = PBXBuildFile; fileRef = DD186D4A2418A92A00BDEBDE /* CapitalRaisingInfoDetailContract.swift */; };
		DD397CC8240CB436002E28E1 /* Judgement.swift in Sources */ = {isa = PBXBuildFile; fileRef = DD397CC7240CB436002E28E1 /* Judgement.swift */; };
		DD397CD1240E39B9002E28E1 /* Credit.swift in Sources */ = {isa = PBXBuildFile; fileRef = DD397CD0240E39B9002E28E1 /* Credit.swift */; };
		DD397CD4240E78F4002E28E1 /* BaseInfoDetailController.swift in Sources */ = {isa = PBXBuildFile; fileRef = DD397CD3240E78F4002E28E1 /* BaseInfoDetailController.swift */; };
		DD397CD6240E7A3D002E28E1 /* BaseInfoDetailContract.swift in Sources */ = {isa = PBXBuildFile; fileRef = DD397CD5240E7A3D002E28E1 /* BaseInfoDetailContract.swift */; };
		DD397CD8240E7CB2002E28E1 /* BaseInfoDetailModel.swift in Sources */ = {isa = PBXBuildFile; fileRef = DD397CD7240E7CB2002E28E1 /* BaseInfoDetailModel.swift */; };
		DD397CDB240EAA92002E28E1 /* HistoryDetailController.swift in Sources */ = {isa = PBXBuildFile; fileRef = DD397CDA240EAA92002E28E1 /* HistoryDetailController.swift */; };
		DD397CDD240EAC2A002E28E1 /* HistoryDetailCell.swift in Sources */ = {isa = PBXBuildFile; fileRef = DD397CDC240EAC2A002E28E1 /* HistoryDetailCell.swift */; };
		DD397CDF240EB293002E28E1 /* HistoryDetailContract.swift in Sources */ = {isa = PBXBuildFile; fileRef = DD397CDE240EB293002E28E1 /* HistoryDetailContract.swift */; };
		DD397CE1240EB49A002E28E1 /* HistoryDetailModel.swift in Sources */ = {isa = PBXBuildFile; fileRef = DD397CE0240EB49A002E28E1 /* HistoryDetailModel.swift */; };
		DD397CE4240F72D7002E28E1 /* ManagerInfoDetailCell.swift in Sources */ = {isa = PBXBuildFile; fileRef = DD397CE3240F72D7002E28E1 /* ManagerInfoDetailCell.swift */; };
		DD397CE6240F72E9002E28E1 /* ManagerInfoDetailController.swift in Sources */ = {isa = PBXBuildFile; fileRef = DD397CE5240F72E9002E28E1 /* ManagerInfoDetailController.swift */; };
		DD397CE8240F73E7002E28E1 /* ManagerInfoDetailModel.swift in Sources */ = {isa = PBXBuildFile; fileRef = DD397CE7240F73E7002E28E1 /* ManagerInfoDetailModel.swift */; };
		DD397CEA240F73F9002E28E1 /* managerInfoDetailContract.swift in Sources */ = {isa = PBXBuildFile; fileRef = DD397CE9240F73F9002E28E1 /* managerInfoDetailContract.swift */; };
		DD397CED240F9B62002E28E1 /* HolderInfoDetailController.swift in Sources */ = {isa = PBXBuildFile; fileRef = DD397CEC240F9B62002E28E1 /* HolderInfoDetailController.swift */; };
		DD397CEF240F9C13002E28E1 /* HolderInfoDetailModel.swift in Sources */ = {isa = PBXBuildFile; fileRef = DD397CEE240F9C13002E28E1 /* HolderInfoDetailModel.swift */; };
		DD397CF1240F9C2A002E28E1 /* HolderInfoDetailContract.swift in Sources */ = {isa = PBXBuildFile; fileRef = DD397CF0240F9C2A002E28E1 /* HolderInfoDetailContract.swift */; };
		DD397CF32410130B002E28E1 /* PercentFormatter.swift in Sources */ = {isa = PBXBuildFile; fileRef = DD397CF22410130B002E28E1 /* PercentFormatter.swift */; };
		DD3D8515241A663F00C108F7 /* OpportunityAbstractModel.swift in Sources */ = {isa = PBXBuildFile; fileRef = DD3D8514241A663F00C108F7 /* OpportunityAbstractModel.swift */; };
		DD3D8517241A665E00C108F7 /* OpportunityAbstractController.swift in Sources */ = {isa = PBXBuildFile; fileRef = DD3D8516241A665E00C108F7 /* OpportunityAbstractController.swift */; };
		DD3D8519241A666F00C108F7 /* OpportunityAbstractContract.swift in Sources */ = {isa = PBXBuildFile; fileRef = DD3D8518241A666F00C108F7 /* OpportunityAbstractContract.swift */; };
		DD51304C241E3E4300EE0BE3 /* OpportunityDetailContract.swift in Sources */ = {isa = PBXBuildFile; fileRef = DD51304B241E3E4300EE0BE3 /* OpportunityDetailContract.swift */; };
		DD51304E241E3E6A00EE0BE3 /* OpportunityDetailModel.swift in Sources */ = {isa = PBXBuildFile; fileRef = DD51304D241E3E6A00EE0BE3 /* OpportunityDetailModel.swift */; };
		DD513050241E3ED500EE0BE3 /* OpportunityDetailController.swift in Sources */ = {isa = PBXBuildFile; fileRef = DD51304F241E3ED500EE0BE3 /* OpportunityDetailController.swift */; };
		DD73FA8B24080F1400469726 /* CompanyListController.swift in Sources */ = {isa = PBXBuildFile; fileRef = DD73FA8A24080F1400469726 /* CompanyListController.swift */; };
		DD73FA8D24080F2A00469726 /* CompanyItemCell.swift in Sources */ = {isa = PBXBuildFile; fileRef = DD73FA8C24080F2A00469726 /* CompanyItemCell.swift */; };
		DDA905E42408D99D00D113C5 /* CompanyListModel.swift in Sources */ = {isa = PBXBuildFile; fileRef = DDA905E32408D99D00D113C5 /* CompanyListModel.swift */; };
		DDA905E62408D9F100D113C5 /* CompanyListContract.swift in Sources */ = {isa = PBXBuildFile; fileRef = DDA905E52408D9F100D113C5 /* CompanyListContract.swift */; };
		DDA905E9240B9AA400D113C5 /* CompanyDetailContract.swift in Sources */ = {isa = PBXBuildFile; fileRef = DDA905E8240B9AA400D113C5 /* CompanyDetailContract.swift */; };
		DDA905EB240B9AD300D113C5 /* CompanyDetailModel.swift in Sources */ = {isa = PBXBuildFile; fileRef = DDA905EA240B9AD300D113C5 /* CompanyDetailModel.swift */; };
		DDA905ED240B9B1E00D113C5 /* CompanyDetailController.swift in Sources */ = {isa = PBXBuildFile; fileRef = DDA905EC240B9B1E00D113C5 /* CompanyDetailController.swift */; };
		DDA905EF240BA43800D113C5 /* RemoteData.swift in Sources */ = {isa = PBXBuildFile; fileRef = DDA905EE240BA43800D113C5 /* RemoteData.swift */; };
		DDA905F2240BB40100D113C5 /* FinancialReportController.swift in Sources */ = {isa = PBXBuildFile; fileRef = DDA905F1240BB40100D113C5 /* FinancialReportController.swift */; };
		DDA905F4240BE87F00D113C5 /* FinancialReportContract.swift in Sources */ = {isa = PBXBuildFile; fileRef = DDA905F3240BE87F00D113C5 /* FinancialReportContract.swift */; };
		DDA905F7240BE8BB00D113C5 /* FinancialReportModel.swift in Sources */ = {isa = PBXBuildFile; fileRef = DDA905F6240BE8BB00D113C5 /* FinancialReportModel.swift */; };
		DDC4075F2421FD5600105E89 /* MyCycleScrollView.swift in Sources */ = {isa = PBXBuildFile; fileRef = DDC4075E2421FD5600105E89 /* MyCycleScrollView.swift */; };
		DDC40762242208C800105E89 /* HomepageModel.swift in Sources */ = {isa = PBXBuildFile; fileRef = DDC40761242208C800105E89 /* HomepageModel.swift */; };
		DDC40764242208DB00105E89 /* HomepageContract.swift in Sources */ = {isa = PBXBuildFile; fileRef = DDC40763242208DB00105E89 /* HomepageContract.swift */; };
		DDC407662422094000105E89 /* HomepageController.swift in Sources */ = {isa = PBXBuildFile; fileRef = DDC407652422094000105E89 /* HomepageController.swift */; };
		DDC407692422334F00105E89 /* LoginPageContract.swift in Sources */ = {isa = PBXBuildFile; fileRef = DDC407682422334F00105E89 /* LoginPageContract.swift */; };
		DDC4076B2422338400105E89 /* LoginPageModel.swift in Sources */ = {isa = PBXBuildFile; fileRef = DDC4076A2422338400105E89 /* LoginPageModel.swift */; };
		DDC4076D2422340100105E89 /* LoginPageController.swift in Sources */ = {isa = PBXBuildFile; fileRef = DDC4076C2422340100105E89 /* LoginPageController.swift */; };
		DDC407712422382400105E89 /* FinancingInfoDetailContract.swift in Sources */ = {isa = PBXBuildFile; fileRef = DDC407702422382400105E89 /* FinancingInfoDetailContract.swift */; };
		DDC4077524232AA200105E89 /* LaunchScreen.storyboard in Resources */ = {isa = PBXBuildFile; fileRef = DDC4077424232AA200105E89 /* LaunchScreen.storyboard */; };
		DDC4077A24232AB500105E89 /* image_launchScreen.jpg in Resources */ = {isa = PBXBuildFile; fileRef = DDC4077724232AB500105E89 /* image_launchScreen.jpg */; };
		DDC4079E242353CD00105E89 /* PersonalCenterContract.swift in Sources */ = {isa = PBXBuildFile; fileRef = DDC4079D242353CD00105E89 /* PersonalCenterContract.swift */; };
		DDC407A0242353EC00105E89 /* PersonalCenterModel.swift in Sources */ = {isa = PBXBuildFile; fileRef = DDC4079F242353EC00105E89 /* PersonalCenterModel.swift */; };
		DDC407A2242353FB00105E89 /* PersonalCenterController.swift in Sources */ = {isa = PBXBuildFile; fileRef = DDC407A1242353FB00105E89 /* PersonalCenterController.swift */; };
		DDC407A52423CDB300105E89 /* FavouriteCompanyContract.swift in Sources */ = {isa = PBXBuildFile; fileRef = DDC407A42423CDB300105E89 /* FavouriteCompanyContract.swift */; };
		DDC407A72423CDBD00105E89 /* FavouriteCompanyModel.swift in Sources */ = {isa = PBXBuildFile; fileRef = DDC407A62423CDBD00105E89 /* FavouriteCompanyModel.swift */; };
		DDC407A92423CDD300105E89 /* FavouriteCompanyController.swift in Sources */ = {isa = PBXBuildFile; fileRef = DDC407A82423CDD300105E89 /* FavouriteCompanyController.swift */; };
		DDC407AB2424C79600105E89 /* ViewControllertest.swift in Sources */ = {isa = PBXBuildFile; fileRef = DDC407AA2424C79600105E89 /* ViewControllertest.swift */; };
		DDC407AE2425E70500105E89 /* SearchPageContract.swift in Sources */ = {isa = PBXBuildFile; fileRef = DDC407AD2425E70500105E89 /* SearchPageContract.swift */; };
		DDC407B02425E74300105E89 /* SearchPageModel.swift in Sources */ = {isa = PBXBuildFile; fileRef = DDC407AF2425E74300105E89 /* SearchPageModel.swift */; };
		DDC407B22425E76B00105E89 /* SearchPageController.swift in Sources */ = {isa = PBXBuildFile; fileRef = DDC407B12425E76B00105E89 /* SearchPageController.swift */; };
		DDC407B42425FDDA00105E89 /* SearchPageCell.swift in Sources */ = {isa = PBXBuildFile; fileRef = DDC407B32425FDDA00105E89 /* SearchPageCell.swift */; };
		DDC407B624262DAD00105E89 /* NavigationController.swift in Sources */ = {isa = PBXBuildFile; fileRef = DDC407B524262DAD00105E89 /* NavigationController.swift */; };
		DDDB7A2724078A4B0030178A /* AppDelegate.swift in Sources */ = {isa = PBXBuildFile; fileRef = DDDB7A2624078A4B0030178A /* AppDelegate.swift */; };
		DDDB7A2924078A4B0030178A /* SceneDelegate.swift in Sources */ = {isa = PBXBuildFile; fileRef = DDDB7A2824078A4B0030178A /* SceneDelegate.swift */; };
		DDDB7A2B24078A4B0030178A /* ViewController.swift in Sources */ = {isa = PBXBuildFile; fileRef = DDDB7A2A24078A4B0030178A /* ViewController.swift */; };
		DDDB7A2E24078A4B0030178A /* Main.storyboard in Resources */ = {isa = PBXBuildFile; fileRef = DDDB7A2C24078A4B0030178A /* Main.storyboard */; };
		DDDB7A3024078A4E0030178A /* Assets.xcassets in Resources */ = {isa = PBXBuildFile; fileRef = DDDB7A2F24078A4E0030178A /* Assets.xcassets */; };
		DDE1541F2410CD97009C65A3 /* MyTable.swift in Sources */ = {isa = PBXBuildFile; fileRef = DDE1541E2410CD97009C65A3 /* MyTable.swift */; };
/* End PBXBuildFile section */

/* Begin PBXFileReference section */
		9924FAEE87ED36BFB434EB87 /* Pods-CapstoneProject.release.xcconfig */ = {isa = PBXFileReference; includeInIndex = 1; lastKnownFileType = text.xcconfig; name = "Pods-CapstoneProject.release.xcconfig"; path = "Pods/Target Support Files/Pods-CapstoneProject/Pods-CapstoneProject.release.xcconfig"; sourceTree = "<group>"; };
		CDD32372810ED8DF38367EE8 /* Pods-CapstoneProject.debug.xcconfig */ = {isa = PBXFileReference; includeInIndex = 1; lastKnownFileType = text.xcconfig; name = "Pods-CapstoneProject.debug.xcconfig"; path = "Pods/Target Support Files/Pods-CapstoneProject/Pods-CapstoneProject.debug.xcconfig"; sourceTree = "<group>"; };
		DD186D362411CF4800BDEBDE /* ProductionManagementDetailContract.swift */ = {isa = PBXFileReference; lastKnownFileType = sourcecode.swift; path = ProductionManagementDetailContract.swift; sourceTree = "<group>"; };
		DD186D382411CFD600BDEBDE /* ProductionManagementDetailModel.swift */ = {isa = PBXFileReference; lastKnownFileType = sourcecode.swift; path = ProductionManagementDetailModel.swift; sourceTree = "<group>"; };
		DD186D3A2411F23900BDEBDE /* ProductionManagementDetailController.swift */ = {isa = PBXFileReference; lastKnownFileType = sourcecode.swift; path = ProductionManagementDetailController.swift; sourceTree = "<group>"; };
		DD186D3C2413801D00BDEBDE /* MyScrollTable.swift */ = {isa = PBXFileReference; lastKnownFileType = sourcecode.swift; path = MyScrollTable.swift; sourceTree = "<group>"; };
		DD186D402416932700BDEBDE /* FinancingInfoDetailModel.swift */ = {isa = PBXFileReference; lastKnownFileType = sourcecode.swift; path = FinancingInfoDetailModel.swift; sourceTree = "<group>"; };
		DD186D442416966100BDEBDE /* CapitalRaisingInfoDetailModel.swift */ = {isa = PBXFileReference; lastKnownFileType = sourcecode.swift; path = CapitalRaisingInfoDetailModel.swift; sourceTree = "<group>"; };
		DD186D4624169E4A00BDEBDE /* FinancingInfoDetailController.swift */ = {isa = PBXFileReference; lastKnownFileType = sourcecode.swift; path = FinancingInfoDetailController.swift; sourceTree = "<group>"; };
		DD186D482418A90A00BDEBDE /* CapitalRaisingInfoDetailController.swift */ = {isa = PBXFileReference; lastKnownFileType = sourcecode.swift; path = CapitalRaisingInfoDetailController.swift; sourceTree = "<group>"; };
		DD186D4A2418A92A00BDEBDE /* CapitalRaisingInfoDetailContract.swift */ = {isa = PBXFileReference; lastKnownFileType = sourcecode.swift; path = CapitalRaisingInfoDetailContract.swift; sourceTree = "<group>"; };
		DD397CC7240CB436002E28E1 /* Judgement.swift */ = {isa = PBXFileReference; lastKnownFileType = sourcecode.swift; path = Judgement.swift; sourceTree = "<group>"; };
		DD397CD0240E39B9002E28E1 /* Credit.swift */ = {isa = PBXFileReference; lastKnownFileType = sourcecode.swift; path = Credit.swift; sourceTree = "<group>"; };
		DD397CD3240E78F4002E28E1 /* BaseInfoDetailController.swift */ = {isa = PBXFileReference; lastKnownFileType = sourcecode.swift; path = BaseInfoDetailController.swift; sourceTree = "<group>"; };
		DD397CD5240E7A3D002E28E1 /* BaseInfoDetailContract.swift */ = {isa = PBXFileReference; lastKnownFileType = sourcecode.swift; path = BaseInfoDetailContract.swift; sourceTree = "<group>"; };
		DD397CD7240E7CB2002E28E1 /* BaseInfoDetailModel.swift */ = {isa = PBXFileReference; lastKnownFileType = sourcecode.swift; path = BaseInfoDetailModel.swift; sourceTree = "<group>"; };
		DD397CDA240EAA92002E28E1 /* HistoryDetailController.swift */ = {isa = PBXFileReference; lastKnownFileType = sourcecode.swift; path = HistoryDetailController.swift; sourceTree = "<group>"; };
		DD397CDC240EAC2A002E28E1 /* HistoryDetailCell.swift */ = {isa = PBXFileReference; lastKnownFileType = sourcecode.swift; path = HistoryDetailCell.swift; sourceTree = "<group>"; };
		DD397CDE240EB293002E28E1 /* HistoryDetailContract.swift */ = {isa = PBXFileReference; lastKnownFileType = sourcecode.swift; path = HistoryDetailContract.swift; sourceTree = "<group>"; };
		DD397CE0240EB49A002E28E1 /* HistoryDetailModel.swift */ = {isa = PBXFileReference; lastKnownFileType = sourcecode.swift; path = HistoryDetailModel.swift; sourceTree = "<group>"; };
		DD397CE3240F72D7002E28E1 /* ManagerInfoDetailCell.swift */ = {isa = PBXFileReference; lastKnownFileType = sourcecode.swift; path = ManagerInfoDetailCell.swift; sourceTree = "<group>"; };
		DD397CE5240F72E9002E28E1 /* ManagerInfoDetailController.swift */ = {isa = PBXFileReference; lastKnownFileType = sourcecode.swift; path = ManagerInfoDetailController.swift; sourceTree = "<group>"; };
		DD397CE7240F73E7002E28E1 /* ManagerInfoDetailModel.swift */ = {isa = PBXFileReference; lastKnownFileType = sourcecode.swift; path = ManagerInfoDetailModel.swift; sourceTree = "<group>"; };
		DD397CE9240F73F9002E28E1 /* managerInfoDetailContract.swift */ = {isa = PBXFileReference; lastKnownFileType = sourcecode.swift; path = managerInfoDetailContract.swift; sourceTree = "<group>"; };
		DD397CEC240F9B62002E28E1 /* HolderInfoDetailController.swift */ = {isa = PBXFileReference; lastKnownFileType = sourcecode.swift; path = HolderInfoDetailController.swift; sourceTree = "<group>"; };
		DD397CEE240F9C13002E28E1 /* HolderInfoDetailModel.swift */ = {isa = PBXFileReference; lastKnownFileType = sourcecode.swift; path = HolderInfoDetailModel.swift; sourceTree = "<group>"; };
		DD397CF0240F9C2A002E28E1 /* HolderInfoDetailContract.swift */ = {isa = PBXFileReference; lastKnownFileType = sourcecode.swift; path = HolderInfoDetailContract.swift; sourceTree = "<group>"; };
		DD397CF22410130B002E28E1 /* PercentFormatter.swift */ = {isa = PBXFileReference; lastKnownFileType = sourcecode.swift; path = PercentFormatter.swift; sourceTree = "<group>"; };
		DD3D8514241A663F00C108F7 /* OpportunityAbstractModel.swift */ = {isa = PBXFileReference; lastKnownFileType = sourcecode.swift; path = OpportunityAbstractModel.swift; sourceTree = "<group>"; };
		DD3D8516241A665E00C108F7 /* OpportunityAbstractController.swift */ = {isa = PBXFileReference; lastKnownFileType = sourcecode.swift; path = OpportunityAbstractController.swift; sourceTree = "<group>"; };
		DD3D8518241A666F00C108F7 /* OpportunityAbstractContract.swift */ = {isa = PBXFileReference; lastKnownFileType = sourcecode.swift; path = OpportunityAbstractContract.swift; sourceTree = "<group>"; };
		DD51304B241E3E4300EE0BE3 /* OpportunityDetailContract.swift */ = {isa = PBXFileReference; lastKnownFileType = sourcecode.swift; path = OpportunityDetailContract.swift; sourceTree = "<group>"; };
		DD51304D241E3E6A00EE0BE3 /* OpportunityDetailModel.swift */ = {isa = PBXFileReference; lastKnownFileType = sourcecode.swift; path = OpportunityDetailModel.swift; sourceTree = "<group>"; };
		DD51304F241E3ED500EE0BE3 /* OpportunityDetailController.swift */ = {isa = PBXFileReference; lastKnownFileType = sourcecode.swift; path = OpportunityDetailController.swift; sourceTree = "<group>"; };
		DD73FA8A24080F1400469726 /* CompanyListController.swift */ = {isa = PBXFileReference; lastKnownFileType = sourcecode.swift; path = CompanyListController.swift; sourceTree = "<group>"; };
		DD73FA8C24080F2A00469726 /* CompanyItemCell.swift */ = {isa = PBXFileReference; lastKnownFileType = sourcecode.swift; path = CompanyItemCell.swift; sourceTree = "<group>"; };
		DDA905E32408D99D00D113C5 /* CompanyListModel.swift */ = {isa = PBXFileReference; lastKnownFileType = sourcecode.swift; path = CompanyListModel.swift; sourceTree = "<group>"; };
		DDA905E52408D9F100D113C5 /* CompanyListContract.swift */ = {isa = PBXFileReference; lastKnownFileType = sourcecode.swift; path = CompanyListContract.swift; sourceTree = "<group>"; };
		DDA905E8240B9AA400D113C5 /* CompanyDetailContract.swift */ = {isa = PBXFileReference; lastKnownFileType = sourcecode.swift; path = CompanyDetailContract.swift; sourceTree = "<group>"; };
		DDA905EA240B9AD300D113C5 /* CompanyDetailModel.swift */ = {isa = PBXFileReference; lastKnownFileType = sourcecode.swift; path = CompanyDetailModel.swift; sourceTree = "<group>"; };
		DDA905EC240B9B1E00D113C5 /* CompanyDetailController.swift */ = {isa = PBXFileReference; lastKnownFileType = sourcecode.swift; path = CompanyDetailController.swift; sourceTree = "<group>"; };
		DDA905EE240BA43800D113C5 /* RemoteData.swift */ = {isa = PBXFileReference; lastKnownFileType = sourcecode.swift; path = RemoteData.swift; sourceTree = "<group>"; };
		DDA905F1240BB40100D113C5 /* FinancialReportController.swift */ = {isa = PBXFileReference; lastKnownFileType = sourcecode.swift; path = FinancialReportController.swift; sourceTree = "<group>"; };
		DDA905F3240BE87F00D113C5 /* FinancialReportContract.swift */ = {isa = PBXFileReference; lastKnownFileType = sourcecode.swift; path = FinancialReportContract.swift; sourceTree = "<group>"; };
		DDA905F6240BE8BB00D113C5 /* FinancialReportModel.swift */ = {isa = PBXFileReference; lastKnownFileType = sourcecode.swift; path = FinancialReportModel.swift; sourceTree = "<group>"; };
		DDC4075E2421FD5600105E89 /* MyCycleScrollView.swift */ = {isa = PBXFileReference; lastKnownFileType = sourcecode.swift; path = MyCycleScrollView.swift; sourceTree = "<group>"; };
		DDC40761242208C800105E89 /* HomepageModel.swift */ = {isa = PBXFileReference; lastKnownFileType = sourcecode.swift; path = HomepageModel.swift; sourceTree = "<group>"; };
		DDC40763242208DB00105E89 /* HomepageContract.swift */ = {isa = PBXFileReference; lastKnownFileType = sourcecode.swift; path = HomepageContract.swift; sourceTree = "<group>"; };
		DDC407652422094000105E89 /* HomepageController.swift */ = {isa = PBXFileReference; lastKnownFileType = sourcecode.swift; path = HomepageController.swift; sourceTree = "<group>"; };
		DDC407682422334F00105E89 /* LoginPageContract.swift */ = {isa = PBXFileReference; lastKnownFileType = sourcecode.swift; path = LoginPageContract.swift; sourceTree = "<group>"; };
		DDC4076A2422338400105E89 /* LoginPageModel.swift */ = {isa = PBXFileReference; lastKnownFileType = sourcecode.swift; path = LoginPageModel.swift; sourceTree = "<group>"; };
		DDC4076C2422340100105E89 /* LoginPageController.swift */ = {isa = PBXFileReference; lastKnownFileType = sourcecode.swift; path = LoginPageController.swift; sourceTree = "<group>"; };
		DDC407702422382400105E89 /* FinancingInfoDetailContract.swift */ = {isa = PBXFileReference; lastKnownFileType = sourcecode.swift; path = FinancingInfoDetailContract.swift; sourceTree = "<group>"; };
		DDC4077424232AA200105E89 /* LaunchScreen.storyboard */ = {isa = PBXFileReference; lastKnownFileType = file.storyboard; path = LaunchScreen.storyboard; sourceTree = "<group>"; };
		DDC4077724232AB500105E89 /* image_launchScreen.jpg */ = {isa = PBXFileReference; lastKnownFileType = image.jpeg; path = image_launchScreen.jpg; sourceTree = "<group>"; };
		DDC4079D242353CD00105E89 /* PersonalCenterContract.swift */ = {isa = PBXFileReference; lastKnownFileType = sourcecode.swift; path = PersonalCenterContract.swift; sourceTree = "<group>"; };
		DDC4079F242353EC00105E89 /* PersonalCenterModel.swift */ = {isa = PBXFileReference; lastKnownFileType = sourcecode.swift; path = PersonalCenterModel.swift; sourceTree = "<group>"; };
		DDC407A1242353FB00105E89 /* PersonalCenterController.swift */ = {isa = PBXFileReference; lastKnownFileType = sourcecode.swift; path = PersonalCenterController.swift; sourceTree = "<group>"; };
		DDC407A42423CDB300105E89 /* FavouriteCompanyContract.swift */ = {isa = PBXFileReference; lastKnownFileType = sourcecode.swift; path = FavouriteCompanyContract.swift; sourceTree = "<group>"; };
		DDC407A62423CDBD00105E89 /* FavouriteCompanyModel.swift */ = {isa = PBXFileReference; lastKnownFileType = sourcecode.swift; path = FavouriteCompanyModel.swift; sourceTree = "<group>"; };
		DDC407A82423CDD300105E89 /* FavouriteCompanyController.swift */ = {isa = PBXFileReference; lastKnownFileType = sourcecode.swift; path = FavouriteCompanyController.swift; sourceTree = "<group>"; };
		DDC407AA2424C79600105E89 /* ViewControllertest.swift */ = {isa = PBXFileReference; lastKnownFileType = sourcecode.swift; path = ViewControllertest.swift; sourceTree = "<group>"; };
		DDC407AD2425E70500105E89 /* SearchPageContract.swift */ = {isa = PBXFileReference; lastKnownFileType = sourcecode.swift; path = SearchPageContract.swift; sourceTree = "<group>"; };
		DDC407AF2425E74300105E89 /* SearchPageModel.swift */ = {isa = PBXFileReference; lastKnownFileType = sourcecode.swift; path = SearchPageModel.swift; sourceTree = "<group>"; };
		DDC407B12425E76B00105E89 /* SearchPageController.swift */ = {isa = PBXFileReference; lastKnownFileType = sourcecode.swift; path = SearchPageController.swift; sourceTree = "<group>"; };
		DDC407B32425FDDA00105E89 /* SearchPageCell.swift */ = {isa = PBXFileReference; lastKnownFileType = sourcecode.swift; path = SearchPageCell.swift; sourceTree = "<group>"; };
		DDC407B524262DAD00105E89 /* NavigationController.swift */ = {isa = PBXFileReference; lastKnownFileType = sourcecode.swift; path = NavigationController.swift; sourceTree = "<group>"; };
		DDDB7A2324078A4B0030178A /* CapstoneProject.app */ = {isa = PBXFileReference; explicitFileType = wrapper.application; includeInIndex = 0; path = CapstoneProject.app; sourceTree = BUILT_PRODUCTS_DIR; };
		DDDB7A2624078A4B0030178A /* AppDelegate.swift */ = {isa = PBXFileReference; lastKnownFileType = sourcecode.swift; path = AppDelegate.swift; sourceTree = "<group>"; };
		DDDB7A2824078A4B0030178A /* SceneDelegate.swift */ = {isa = PBXFileReference; lastKnownFileType = sourcecode.swift; path = SceneDelegate.swift; sourceTree = "<group>"; };
		DDDB7A2A24078A4B0030178A /* ViewController.swift */ = {isa = PBXFileReference; lastKnownFileType = sourcecode.swift; path = ViewController.swift; sourceTree = "<group>"; };
		DDDB7A2D24078A4B0030178A /* Base */ = {isa = PBXFileReference; lastKnownFileType = file.storyboard; name = Base; path = Base.lproj/Main.storyboard; sourceTree = "<group>"; };
		DDDB7A2F24078A4E0030178A /* Assets.xcassets */ = {isa = PBXFileReference; lastKnownFileType = folder.assetcatalog; path = Assets.xcassets; sourceTree = "<group>"; };
		DDDB7A3424078A4E0030178A /* Info.plist */ = {isa = PBXFileReference; lastKnownFileType = text.plist.xml; path = Info.plist; sourceTree = "<group>"; };
		DDE1541E2410CD97009C65A3 /* MyTable.swift */ = {isa = PBXFileReference; lastKnownFileType = sourcecode.swift; path = MyTable.swift; sourceTree = "<group>"; };
		E96DBE2538AB16B79EA0375F /* Pods_CapstoneProject.framework */ = {isa = PBXFileReference; explicitFileType = wrapper.framework; includeInIndex = 0; path = Pods_CapstoneProject.framework; sourceTree = BUILT_PRODUCTS_DIR; };
/* End PBXFileReference section */

/* Begin PBXFrameworksBuildPhase section */
		DDDB7A2024078A4B0030178A /* Frameworks */ = {
			isa = PBXFrameworksBuildPhase;
			buildActionMask = 2147483647;
			files = (
				1EEC75438D2BF77F87FEB59E /* Pods_CapstoneProject.framework in Frameworks */,
			);
			runOnlyForDeploymentPostprocessing = 0;
		};
/* End PBXFrameworksBuildPhase section */

/* Begin PBXGroup section */
		9F5B95751C132EEDDA56E7C4 /* Pods */ = {
			isa = PBXGroup;
			children = (
				CDD32372810ED8DF38367EE8 /* Pods-CapstoneProject.debug.xcconfig */,
				9924FAEE87ED36BFB434EB87 /* Pods-CapstoneProject.release.xcconfig */,
			);
			name = Pods;
			sourceTree = "<group>";
		};
		A62E7866A331402B56D729B6 /* Frameworks */ = {
			isa = PBXGroup;
			children = (
				E96DBE2538AB16B79EA0375F /* Pods_CapstoneProject.framework */,
			);
			name = Frameworks;
			sourceTree = "<group>";
		};
		DD186D352411CCAB00BDEBDE /* ProductionManagementDetail */ = {
			isa = PBXGroup;
			children = (
				DD186D362411CF4800BDEBDE /* ProductionManagementDetailContract.swift */,
				DD186D382411CFD600BDEBDE /* ProductionManagementDetailModel.swift */,
				DD186D3A2411F23900BDEBDE /* ProductionManagementDetailController.swift */,
			);
			name = ProductionManagementDetail;
			sourceTree = "<group>";
		};
		DD186D3E24168F9000BDEBDE /* FinancingInfoDetail */ = {
			isa = PBXGroup;
			children = (
				DDC407702422382400105E89 /* FinancingInfoDetailContract.swift */,
				DD186D402416932700BDEBDE /* FinancingInfoDetailModel.swift */,
				DD186D4624169E4A00BDEBDE /* FinancingInfoDetailController.swift */,
			);
			name = FinancingInfoDetail;
			sourceTree = "<group>";
		};
		DD186D3F24168FA100BDEBDE /* CapitalRaisingInfoDetail */ = {
			isa = PBXGroup;
			children = (
				DD186D4A2418A92A00BDEBDE /* CapitalRaisingInfoDetailContract.swift */,
				DD186D442416966100BDEBDE /* CapitalRaisingInfoDetailModel.swift */,
				DD186D482418A90A00BDEBDE /* CapitalRaisingInfoDetailController.swift */,
			);
			name = CapitalRaisingInfoDetail;
			sourceTree = "<group>";
		};
		DD397CD2240E702F002E28E1 /* BaseInfoDetail */ = {
			isa = PBXGroup;
			children = (
				DD397CD5240E7A3D002E28E1 /* BaseInfoDetailContract.swift */,
				DD397CD7240E7CB2002E28E1 /* BaseInfoDetailModel.swift */,
				DD397CD3240E78F4002E28E1 /* BaseInfoDetailController.swift */,
			);
			name = BaseInfoDetail;
			sourceTree = "<group>";
		};
		DD397CD9240EAA6C002E28E1 /* HistoryDetail */ = {
			isa = PBXGroup;
			children = (
				DD397CDE240EB293002E28E1 /* HistoryDetailContract.swift */,
				DD397CE0240EB49A002E28E1 /* HistoryDetailModel.swift */,
				DD397CDA240EAA92002E28E1 /* HistoryDetailController.swift */,
				DD397CDC240EAC2A002E28E1 /* HistoryDetailCell.swift */,
			);
			name = HistoryDetail;
			sourceTree = "<group>";
		};
		DD397CE2240F72A5002E28E1 /* ManagerInfoDetail */ = {
			isa = PBXGroup;
			children = (
				DD397CE9240F73F9002E28E1 /* managerInfoDetailContract.swift */,
				DD397CE7240F73E7002E28E1 /* ManagerInfoDetailModel.swift */,
				DD397CE5240F72E9002E28E1 /* ManagerInfoDetailController.swift */,
				DD397CE3240F72D7002E28E1 /* ManagerInfoDetailCell.swift */,
			);
			name = ManagerInfoDetail;
			sourceTree = "<group>";
		};
		DD397CEB240F8FFD002E28E1 /* HolderInfoDetail */ = {
			isa = PBXGroup;
			children = (
				DD397CF0240F9C2A002E28E1 /* HolderInfoDetailContract.swift */,
				DD397CEE240F9C13002E28E1 /* HolderInfoDetailModel.swift */,
				DD397CEC240F9B62002E28E1 /* HolderInfoDetailController.swift */,
				DD397CF22410130B002E28E1 /* PercentFormatter.swift */,
			);
			name = HolderInfoDetail;
			sourceTree = "<group>";
		};
		DD3D8511241A65A000C108F7 /* BusinessOpportunity */ = {
			isa = PBXGroup;
			children = (
				DD3D8513241A65CD00C108F7 /* OpportunityAbstract */,
				DD51304A241E3E2400EE0BE3 /* OpportunityDetail */,
			);
			name = BusinessOpportunity;
			sourceTree = "<group>";
		};
		DD3D8513241A65CD00C108F7 /* OpportunityAbstract */ = {
			isa = PBXGroup;
			children = (
				DD3D8518241A666F00C108F7 /* OpportunityAbstractContract.swift */,
				DD3D8514241A663F00C108F7 /* OpportunityAbstractModel.swift */,
				DD3D8516241A665E00C108F7 /* OpportunityAbstractController.swift */,
			);
			name = OpportunityAbstract;
			sourceTree = "<group>";
		};
		DD51304A241E3E2400EE0BE3 /* OpportunityDetail */ = {
			isa = PBXGroup;
			children = (
				DD51304B241E3E4300EE0BE3 /* OpportunityDetailContract.swift */,
				DD51304D241E3E6A00EE0BE3 /* OpportunityDetailModel.swift */,
				DD51304F241E3ED500EE0BE3 /* OpportunityDetailController.swift */,
			);
			name = OpportunityDetail;
			sourceTree = "<group>";
		};
		DD73FA8F24080F9500469726 /* NetworkTools */ = {
			isa = PBXGroup;
			children = (
				DDA905EE240BA43800D113C5 /* RemoteData.swift */,
			);
			name = NetworkTools;
			sourceTree = "<group>";
		};
		DD73FA9124080FB500469726 /* CompanyList */ = {
			isa = PBXGroup;
			children = (
				DDA905E52408D9F100D113C5 /* CompanyListContract.swift */,
				DDA905E32408D99D00D113C5 /* CompanyListModel.swift */,
				DD73FA8A24080F1400469726 /* CompanyListController.swift */,
				DD73FA8C24080F2A00469726 /* CompanyItemCell.swift */,
			);
			name = CompanyList;
			sourceTree = "<group>";
		};
		DDA905E7240B9A7200D113C5 /* CompanyDetail */ = {
			isa = PBXGroup;
			children = (
				DDA905E8240B9AA400D113C5 /* CompanyDetailContract.swift */,
				DDA905EA240B9AD300D113C5 /* CompanyDetailModel.swift */,
				DDA905EC240B9B1E00D113C5 /* CompanyDetailController.swift */,
			);
			name = CompanyDetail;
			sourceTree = "<group>";
		};
		DDA905F0240BB3C600D113C5 /* FinancialReport */ = {
			isa = PBXGroup;
			children = (
				DDA905F8240C0EA700D113C5 /* FinancialReport */,
				DD397CD2240E702F002E28E1 /* BaseInfoDetail */,
				DD397CEB240F8FFD002E28E1 /* HolderInfoDetail */,
				DD397CD9240EAA6C002E28E1 /* HistoryDetail */,
				DD397CE2240F72A5002E28E1 /* ManagerInfoDetail */,
				DD186D352411CCAB00BDEBDE /* ProductionManagementDetail */,
				DD186D3E24168F9000BDEBDE /* FinancingInfoDetail */,
				DD186D3F24168FA100BDEBDE /* CapitalRaisingInfoDetail */,
			);
			name = FinancialReport;
			sourceTree = "<group>";
		};
		DDA905F8240C0EA700D113C5 /* FinancialReport */ = {
			isa = PBXGroup;
			children = (
				DDA905F3240BE87F00D113C5 /* FinancialReportContract.swift */,
				DDA905F6240BE8BB00D113C5 /* FinancialReportModel.swift */,
				DDA905F1240BB40100D113C5 /* FinancialReportController.swift */,
			);
			name = FinancialReport;
			sourceTree = "<group>";
		};
		DDC40760242208AB00105E89 /* Homepage */ = {
			isa = PBXGroup;
			children = (
				DDC40763242208DB00105E89 /* HomepageContract.swift */,
				DDC40761242208C800105E89 /* HomepageModel.swift */,
				DDC407652422094000105E89 /* HomepageController.swift */,
			);
			name = Homepage;
			sourceTree = "<group>";
		};
		DDC407672422331B00105E89 /* LoginPage */ = {
			isa = PBXGroup;
			children = (
				DDC407682422334F00105E89 /* LoginPageContract.swift */,
				DDC4076A2422338400105E89 /* LoginPageModel.swift */,
				DDC4076C2422340100105E89 /* LoginPageController.swift */,
			);
			name = LoginPage;
			sourceTree = "<group>";
		};
		DDC4079C242353B300105E89 /* PersonalCenter */ = {
			isa = PBXGroup;
			children = (
				DDC4079D242353CD00105E89 /* PersonalCenterContract.swift */,
				DDC4079F242353EC00105E89 /* PersonalCenterModel.swift */,
				DDC407A1242353FB00105E89 /* PersonalCenterController.swift */,
			);
			name = PersonalCenter;
			sourceTree = "<group>";
		};
		DDC407A32423CD9000105E89 /* FavouriteCompany */ = {
			isa = PBXGroup;
			children = (
				DDC407A42423CDB300105E89 /* FavouriteCompanyContract.swift */,
				DDC407A62423CDBD00105E89 /* FavouriteCompanyModel.swift */,
				DDC407A82423CDD300105E89 /* FavouriteCompanyController.swift */,
			);
			name = FavouriteCompany;
			sourceTree = "<group>";
		};
		DDC407AC2425E3F200105E89 /* SearchPage */ = {
			isa = PBXGroup;
			children = (
				DDC407AD2425E70500105E89 /* SearchPageContract.swift */,
				DDC407AF2425E74300105E89 /* SearchPageModel.swift */,
				DDC407B12425E76B00105E89 /* SearchPageController.swift */,
				DDC407B32425FDDA00105E89 /* SearchPageCell.swift */,
			);
			name = SearchPage;
			sourceTree = "<group>";
		};
		DDDB7A1A24078A4B0030178A = {
			isa = PBXGroup;
			children = (
				DDDB7A2524078A4B0030178A /* CapstoneProject */,
				DDDB7A2424078A4B0030178A /* Products */,
				9F5B95751C132EEDDA56E7C4 /* Pods */,
				A62E7866A331402B56D729B6 /* Frameworks */,
			);
			sourceTree = "<group>";
		};
		DDDB7A2424078A4B0030178A /* Products */ = {
			isa = PBXGroup;
			children = (
				DDDB7A2324078A4B0030178A /* CapstoneProject.app */,
			);
			name = Products;
			sourceTree = "<group>";
		};
		DDDB7A2524078A4B0030178A /* CapstoneProject */ = {
			isa = PBXGroup;
			children = (
				DDC407B524262DAD00105E89 /* NavigationController.swift */,
				DDC40760242208AB00105E89 /* Homepage */,
				DDC407AC2425E3F200105E89 /* SearchPage */,
				DDC407672422331B00105E89 /* LoginPage */,
				DDC4079C242353B300105E89 /* PersonalCenter */,
				DDC407A32423CD9000105E89 /* FavouriteCompany */,
				DD73FA9124080FB500469726 /* CompanyList */,
				DDA905E7240B9A7200D113C5 /* CompanyDetail */,
				DDA905F0240BB3C600D113C5 /* FinancialReport */,
				DD3D8511241A65A000C108F7 /* BusinessOpportunity */,
				DD73FA8F24080F9500469726 /* NetworkTools */,
				DDE1541D2410CD1E009C65A3 /* View */,
				DDDB7A2624078A4B0030178A /* AppDelegate.swift */,
				DDDB7A2824078A4B0030178A /* SceneDelegate.swift */,
				DDDB7A3424078A4E0030178A /* Info.plist */,
				DDE1541E2410CD97009C65A3 /* MyTable.swift */,
				DD186D3C2413801D00BDEBDE /* MyScrollTable.swift */,
				DDC4075E2421FD5600105E89 /* MyCycleScrollView.swift */,
				DD397CD0240E39B9002E28E1 /* Credit.swift */,
				DD397CC7240CB436002E28E1 /* Judgement.swift */,
				DDDB7A2A24078A4B0030178A /* ViewController.swift */,
				DDC407AA2424C79600105E89 /* ViewControllertest.swift */,
			);
			path = CapstoneProject;
			sourceTree = "<group>";
		};
		DDE1541D2410CD1E009C65A3 /* View */ = {
			isa = PBXGroup;
			children = (
				DDC4077724232AB500105E89 /* image_launchScreen.jpg */,
				DDDB7A2C24078A4B0030178A /* Main.storyboard */,
				DDDB7A2F24078A4E0030178A /* Assets.xcassets */,
				DDC4077424232AA200105E89 /* LaunchScreen.storyboard */,
			);
			name = View;
			sourceTree = "<group>";
		};
/* End PBXGroup section */

/* Begin PBXNativeTarget section */
		DDDB7A2224078A4B0030178A /* CapstoneProject */ = {
			isa = PBXNativeTarget;
			buildConfigurationList = DDDB7A3724078A4E0030178A /* Build configuration list for PBXNativeTarget "CapstoneProject" */;
			buildPhases = (
				4FEF933E25148CE1F1D6472F /* [CP] Check Pods Manifest.lock */,
				DDDB7A1F24078A4B0030178A /* Sources */,
				DDDB7A2024078A4B0030178A /* Frameworks */,
				DDDB7A2124078A4B0030178A /* Resources */,
				9725AF9C9E2C73CD1FE0E752 /* [CP] Embed Pods Frameworks */,
			);
			buildRules = (
			);
			dependencies = (
			);
			name = CapstoneProject;
			productName = CapstoneProject;
			productReference = DDDB7A2324078A4B0030178A /* CapstoneProject.app */;
			productType = "com.apple.product-type.application";
		};
/* End PBXNativeTarget section */

/* Begin PBXProject section */
		DDDB7A1B24078A4B0030178A /* Project object */ = {
			isa = PBXProject;
			attributes = {
				LastSwiftUpdateCheck = 1130;
				LastUpgradeCheck = 1130;
				ORGANIZATIONNAME = "Shiyu Wang";
				TargetAttributes = {
					DDDB7A2224078A4B0030178A = {
						CreatedOnToolsVersion = 11.3.1;
					};
				};
			};
			buildConfigurationList = DDDB7A1E24078A4B0030178A /* Build configuration list for PBXProject "CapstoneProject" */;
			compatibilityVersion = "Xcode 9.3";
			developmentRegion = en;
			hasScannedForEncodings = 0;
			knownRegions = (
				en,
				Base,
			);
			mainGroup = DDDB7A1A24078A4B0030178A;
			productRefGroup = DDDB7A2424078A4B0030178A /* Products */;
			projectDirPath = "";
			projectRoot = "";
			targets = (
				DDDB7A2224078A4B0030178A /* CapstoneProject */,
			);
		};
/* End PBXProject section */

/* Begin PBXResourcesBuildPhase section */
		DDDB7A2124078A4B0030178A /* Resources */ = {
			isa = PBXResourcesBuildPhase;
			buildActionMask = 2147483647;
			files = (
				DDC4077524232AA200105E89 /* LaunchScreen.storyboard in Resources */,
				DDC4077A24232AB500105E89 /* image_launchScreen.jpg in Resources */,
				DDDB7A3024078A4E0030178A /* Assets.xcassets in Resources */,
				DDDB7A2E24078A4B0030178A /* Main.storyboard in Resources */,
			);
			runOnlyForDeploymentPostprocessing = 0;
		};
/* End PBXResourcesBuildPhase section */

/* Begin PBXShellScriptBuildPhase section */
		4FEF933E25148CE1F1D6472F /* [CP] Check Pods Manifest.lock */ = {
			isa = PBXShellScriptBuildPhase;
			buildActionMask = 2147483647;
			files = (
			);
			inputPaths = (
				"${PODS_PODFILE_DIR_PATH}/Podfile.lock",
				"${PODS_ROOT}/Manifest.lock",
			);
			name = "[CP] Check Pods Manifest.lock";
			outputPaths = (
				"$(DERIVED_FILE_DIR)/Pods-CapstoneProject-checkManifestLockResult.txt",
			);
			runOnlyForDeploymentPostprocessing = 0;
			shellPath = /bin/sh;
			shellScript = "diff \"${PODS_PODFILE_DIR_PATH}/Podfile.lock\" \"${PODS_ROOT}/Manifest.lock\" > /dev/null\nif [ $? != 0 ] ; then\n    # print error to STDERR\n    echo \"error: The sandbox is not in sync with the Podfile.lock. Run 'pod install' or update your CocoaPods installation.\" >&2\n    exit 1\nfi\n# This output is used by Xcode 'outputs' to avoid re-running this script phase.\necho \"SUCCESS\" > \"${SCRIPT_OUTPUT_FILE_0}\"\n";
			showEnvVarsInLog = 0;
		};
		9725AF9C9E2C73CD1FE0E752 /* [CP] Embed Pods Frameworks */ = {
			isa = PBXShellScriptBuildPhase;
			buildActionMask = 2147483647;
			files = (
			);
			inputPaths = (
				"${SRCROOT}/Pods/Target Support Files/Pods-CapstoneProject/Pods-CapstoneProject-frameworks.sh",
				"${BUILT_PRODUCTS_DIR}/ActiveLabel/ActiveLabel.framework",
				"${BUILT_PRODUCTS_DIR}/Alamofire/Alamofire.framework",
				"${BUILT_PRODUCTS_DIR}/Charts/Charts.framework",
				"${BUILT_PRODUCTS_DIR}/SVProgressHUD/SVProgressHUD.framework",
				"${BUILT_PRODUCTS_DIR}/SwiftyJSON/SwiftyJSON.framework",
			);
			name = "[CP] Embed Pods Frameworks";
			outputPaths = (
				"${TARGET_BUILD_DIR}/${FRAMEWORKS_FOLDER_PATH}/ActiveLabel.framework",
				"${TARGET_BUILD_DIR}/${FRAMEWORKS_FOLDER_PATH}/Alamofire.framework",
				"${TARGET_BUILD_DIR}/${FRAMEWORKS_FOLDER_PATH}/Charts.framework",
				"${TARGET_BUILD_DIR}/${FRAMEWORKS_FOLDER_PATH}/SVProgressHUD.framework",
				"${TARGET_BUILD_DIR}/${FRAMEWORKS_FOLDER_PATH}/SwiftyJSON.framework",
			);
			runOnlyForDeploymentPostprocessing = 0;
			shellPath = /bin/sh;
			shellScript = "\"${SRCROOT}/Pods/Target Support Files/Pods-CapstoneProject/Pods-CapstoneProject-frameworks.sh\"\n";
			showEnvVarsInLog = 0;
		};
/* End PBXShellScriptBuildPhase section */

/* Begin PBXSourcesBuildPhase section */
		DDDB7A1F24078A4B0030178A /* Sources */ = {
			isa = PBXSourcesBuildPhase;
			buildActionMask = 2147483647;
			files = (
				DDA905E9240B9AA400D113C5 /* CompanyDetailContract.swift in Sources */,
				DD3D8519241A666F00C108F7 /* OpportunityAbstractContract.swift in Sources */,
				DDC407B42425FDDA00105E89 /* SearchPageCell.swift in Sources */,
				DDC40762242208C800105E89 /* HomepageModel.swift in Sources */,
				DDC4076D2422340100105E89 /* LoginPageController.swift in Sources */,
				DD397CD1240E39B9002E28E1 /* Credit.swift in Sources */,
				DDC4076B2422338400105E89 /* LoginPageModel.swift in Sources */,
				DDC407AB2424C79600105E89 /* ViewControllertest.swift in Sources */,
				DD397CEF240F9C13002E28E1 /* HolderInfoDetailModel.swift in Sources */,
				DD397CE8240F73E7002E28E1 /* ManagerInfoDetailModel.swift in Sources */,
				DDC407712422382400105E89 /* FinancingInfoDetailContract.swift in Sources */,
				DD397CF32410130B002E28E1 /* PercentFormatter.swift in Sources */,
				DD397CC8240CB436002E28E1 /* Judgement.swift in Sources */,
				DDC407A72423CDBD00105E89 /* FavouriteCompanyModel.swift in Sources */,
				DD186D3D2413801D00BDEBDE /* MyScrollTable.swift in Sources */,
				DD397CE6240F72E9002E28E1 /* ManagerInfoDetailController.swift in Sources */,
				DDA905F2240BB40100D113C5 /* FinancialReportController.swift in Sources */,
				DDA905F7240BE8BB00D113C5 /* FinancialReportModel.swift in Sources */,
				DDC407692422334F00105E89 /* LoginPageContract.swift in Sources */,
				DD513050241E3ED500EE0BE3 /* OpportunityDetailController.swift in Sources */,
				DD397CDD240EAC2A002E28E1 /* HistoryDetailCell.swift in Sources */,
				DDC40764242208DB00105E89 /* HomepageContract.swift in Sources */,
				DDA905E62408D9F100D113C5 /* CompanyListContract.swift in Sources */,
				DDDB7A2B24078A4B0030178A /* ViewController.swift in Sources */,
				DDC407A52423CDB300105E89 /* FavouriteCompanyContract.swift in Sources */,
				DDA905F4240BE87F00D113C5 /* FinancialReportContract.swift in Sources */,
				DD397CDB240EAA92002E28E1 /* HistoryDetailController.swift in Sources */,
				DD397CDF240EB293002E28E1 /* HistoryDetailContract.swift in Sources */,
				DD51304E241E3E6A00EE0BE3 /* OpportunityDetailModel.swift in Sources */,
				DD397CD4240E78F4002E28E1 /* BaseInfoDetailController.swift in Sources */,
				DDC4079E242353CD00105E89 /* PersonalCenterContract.swift in Sources */,
				DDC407B624262DAD00105E89 /* NavigationController.swift in Sources */,
				DD397CEA240F73F9002E28E1 /* managerInfoDetailContract.swift in Sources */,
				DD186D392411CFD600BDEBDE /* ProductionManagementDetailModel.swift in Sources */,
				DDC407662422094000105E89 /* HomepageController.swift in Sources */,
				DDC407A0242353EC00105E89 /* PersonalCenterModel.swift in Sources */,
				DD397CD6240E7A3D002E28E1 /* BaseInfoDetailContract.swift in Sources */,
				DD186D372411CF4800BDEBDE /* ProductionManagementDetailContract.swift in Sources */,
				DD186D452416966100BDEBDE /* CapitalRaisingInfoDetailModel.swift in Sources */,
				DD186D3B2411F23900BDEBDE /* ProductionManagementDetailController.swift in Sources */,
				DDE1541F2410CD97009C65A3 /* MyTable.swift in Sources */,
				DDC407AE2425E70500105E89 /* SearchPageContract.swift in Sources */,
				DDA905ED240B9B1E00D113C5 /* CompanyDetailController.swift in Sources */,
				DDC407A92423CDD300105E89 /* FavouriteCompanyController.swift in Sources */,
				DDA905EB240B9AD300D113C5 /* CompanyDetailModel.swift in Sources */,
				DD73FA8B24080F1400469726 /* CompanyListController.swift in Sources */,
				DDA905EF240BA43800D113C5 /* RemoteData.swift in Sources */,
				DD186D412416932700BDEBDE /* FinancingInfoDetailModel.swift in Sources */,
				DD186D4B2418A92A00BDEBDE /* CapitalRaisingInfoDetailContract.swift in Sources */,
				DD397CED240F9B62002E28E1 /* HolderInfoDetailController.swift in Sources */,
				DDC4075F2421FD5600105E89 /* MyCycleScrollView.swift in Sources */,
				DD186D4724169E4A00BDEBDE /* FinancingInfoDetailController.swift in Sources */,
				DD397CD8240E7CB2002E28E1 /* BaseInfoDetailModel.swift in Sources */,
				DDDB7A2724078A4B0030178A /* AppDelegate.swift in Sources */,
				DDC407B02425E74300105E89 /* SearchPageModel.swift in Sources */,
				DD186D492418A90A00BDEBDE /* CapitalRaisingInfoDetailController.swift in Sources */,
				DD73FA8D24080F2A00469726 /* CompanyItemCell.swift in Sources */,
				DD397CE1240EB49A002E28E1 /* HistoryDetailModel.swift in Sources */,
				DD397CF1240F9C2A002E28E1 /* HolderInfoDetailContract.swift in Sources */,
				DD51304C241E3E4300EE0BE3 /* OpportunityDetailContract.swift in Sources */,
				DD397CE4240F72D7002E28E1 /* ManagerInfoDetailCell.swift in Sources */,
				DD3D8515241A663F00C108F7 /* OpportunityAbstractModel.swift in Sources */,
				DDC407A2242353FB00105E89 /* PersonalCenterController.swift in Sources */,
				DD3D8517241A665E00C108F7 /* OpportunityAbstractController.swift in Sources */,
				DDC407B22425E76B00105E89 /* SearchPageController.swift in Sources */,
				DDA905E42408D99D00D113C5 /* CompanyListModel.swift in Sources */,
				DDDB7A2924078A4B0030178A /* SceneDelegate.swift in Sources */,
			);
			runOnlyForDeploymentPostprocessing = 0;
		};
/* End PBXSourcesBuildPhase section */

/* Begin PBXVariantGroup section */
		DDDB7A2C24078A4B0030178A /* Main.storyboard */ = {
			isa = PBXVariantGroup;
			children = (
				DDDB7A2D24078A4B0030178A /* Base */,
			);
			name = Main.storyboard;
			sourceTree = "<group>";
		};
/* End PBXVariantGroup section */

/* Begin XCBuildConfiguration section */
		DDDB7A3524078A4E0030178A /* Debug */ = {
			isa = XCBuildConfiguration;
			buildSettings = {
				ALWAYS_SEARCH_USER_PATHS = NO;
				CLANG_ANALYZER_NONNULL = YES;
				CLANG_ANALYZER_NUMBER_OBJECT_CONVERSION = YES_AGGRESSIVE;
				CLANG_CXX_LANGUAGE_STANDARD = "gnu++14";
				CLANG_CXX_LIBRARY = "libc++";
				CLANG_ENABLE_MODULES = YES;
				CLANG_ENABLE_OBJC_ARC = YES;
				CLANG_ENABLE_OBJC_WEAK = YES;
				CLANG_WARN_BLOCK_CAPTURE_AUTORELEASING = YES;
				CLANG_WARN_BOOL_CONVERSION = YES;
				CLANG_WARN_COMMA = YES;
				CLANG_WARN_CONSTANT_CONVERSION = YES;
				CLANG_WARN_DEPRECATED_OBJC_IMPLEMENTATIONS = YES;
				CLANG_WARN_DIRECT_OBJC_ISA_USAGE = YES_ERROR;
				CLANG_WARN_DOCUMENTATION_COMMENTS = YES;
				CLANG_WARN_EMPTY_BODY = YES;
				CLANG_WARN_ENUM_CONVERSION = YES;
				CLANG_WARN_INFINITE_RECURSION = YES;
				CLANG_WARN_INT_CONVERSION = YES;
				CLANG_WARN_NON_LITERAL_NULL_CONVERSION = YES;
				CLANG_WARN_OBJC_IMPLICIT_RETAIN_SELF = YES;
				CLANG_WARN_OBJC_LITERAL_CONVERSION = YES;
				CLANG_WARN_OBJC_ROOT_CLASS = YES_ERROR;
				CLANG_WARN_RANGE_LOOP_ANALYSIS = YES;
				CLANG_WARN_STRICT_PROTOTYPES = YES;
				CLANG_WARN_SUSPICIOUS_MOVE = YES;
				CLANG_WARN_UNGUARDED_AVAILABILITY = YES_AGGRESSIVE;
				CLANG_WARN_UNREACHABLE_CODE = YES;
				CLANG_WARN__DUPLICATE_METHOD_MATCH = YES;
				COPY_PHASE_STRIP = NO;
				DEBUG_INFORMATION_FORMAT = dwarf;
				ENABLE_STRICT_OBJC_MSGSEND = YES;
				ENABLE_TESTABILITY = YES;
				GCC_C_LANGUAGE_STANDARD = gnu11;
				GCC_DYNAMIC_NO_PIC = NO;
				GCC_NO_COMMON_BLOCKS = YES;
				GCC_OPTIMIZATION_LEVEL = 0;
				GCC_PREPROCESSOR_DEFINITIONS = (
					"DEBUG=1",
					"$(inherited)",
				);
				GCC_WARN_64_TO_32_BIT_CONVERSION = YES;
				GCC_WARN_ABOUT_RETURN_TYPE = YES_ERROR;
				GCC_WARN_UNDECLARED_SELECTOR = YES;
				GCC_WARN_UNINITIALIZED_AUTOS = YES_AGGRESSIVE;
				GCC_WARN_UNUSED_FUNCTION = YES;
				GCC_WARN_UNUSED_VARIABLE = YES;
				IPHONEOS_DEPLOYMENT_TARGET = 13.2;
				MTL_ENABLE_DEBUG_INFO = INCLUDE_SOURCE;
				MTL_FAST_MATH = YES;
				ONLY_ACTIVE_ARCH = YES;
				SDKROOT = iphoneos;
				SWIFT_ACTIVE_COMPILATION_CONDITIONS = DEBUG;
				SWIFT_OPTIMIZATION_LEVEL = "-Onone";
			};
			name = Debug;
		};
		DDDB7A3624078A4E0030178A /* Release */ = {
			isa = XCBuildConfiguration;
			buildSettings = {
				ALWAYS_SEARCH_USER_PATHS = NO;
				CLANG_ANALYZER_NONNULL = YES;
				CLANG_ANALYZER_NUMBER_OBJECT_CONVERSION = YES_AGGRESSIVE;
				CLANG_CXX_LANGUAGE_STANDARD = "gnu++14";
				CLANG_CXX_LIBRARY = "libc++";
				CLANG_ENABLE_MODULES = YES;
				CLANG_ENABLE_OBJC_ARC = YES;
				CLANG_ENABLE_OBJC_WEAK = YES;
				CLANG_WARN_BLOCK_CAPTURE_AUTORELEASING = YES;
				CLANG_WARN_BOOL_CONVERSION = YES;
				CLANG_WARN_COMMA = YES;
				CLANG_WARN_CONSTANT_CONVERSION = YES;
				CLANG_WARN_DEPRECATED_OBJC_IMPLEMENTATIONS = YES;
				CLANG_WARN_DIRECT_OBJC_ISA_USAGE = YES_ERROR;
				CLANG_WARN_DOCUMENTATION_COMMENTS = YES;
				CLANG_WARN_EMPTY_BODY = YES;
				CLANG_WARN_ENUM_CONVERSION = YES;
				CLANG_WARN_INFINITE_RECURSION = YES;
				CLANG_WARN_INT_CONVERSION = YES;
				CLANG_WARN_NON_LITERAL_NULL_CONVERSION = YES;
				CLANG_WARN_OBJC_IMPLICIT_RETAIN_SELF = YES;
				CLANG_WARN_OBJC_LITERAL_CONVERSION = YES;
				CLANG_WARN_OBJC_ROOT_CLASS = YES_ERROR;
				CLANG_WARN_RANGE_LOOP_ANALYSIS = YES;
				CLANG_WARN_STRICT_PROTOTYPES = YES;
				CLANG_WARN_SUSPICIOUS_MOVE = YES;
				CLANG_WARN_UNGUARDED_AVAILABILITY = YES_AGGRESSIVE;
				CLANG_WARN_UNREACHABLE_CODE = YES;
				CLANG_WARN__DUPLICATE_METHOD_MATCH = YES;
				COPY_PHASE_STRIP = NO;
				DEBUG_INFORMATION_FORMAT = "dwarf-with-dsym";
				ENABLE_NS_ASSERTIONS = NO;
				ENABLE_STRICT_OBJC_MSGSEND = YES;
				GCC_C_LANGUAGE_STANDARD = gnu11;
				GCC_NO_COMMON_BLOCKS = YES;
				GCC_WARN_64_TO_32_BIT_CONVERSION = YES;
				GCC_WARN_ABOUT_RETURN_TYPE = YES_ERROR;
				GCC_WARN_UNDECLARED_SELECTOR = YES;
				GCC_WARN_UNINITIALIZED_AUTOS = YES_AGGRESSIVE;
				GCC_WARN_UNUSED_FUNCTION = YES;
				GCC_WARN_UNUSED_VARIABLE = YES;
				IPHONEOS_DEPLOYMENT_TARGET = 13.2;
				MTL_ENABLE_DEBUG_INFO = NO;
				MTL_FAST_MATH = YES;
				SDKROOT = iphoneos;
				SWIFT_COMPILATION_MODE = wholemodule;
				SWIFT_OPTIMIZATION_LEVEL = "-O";
				VALIDATE_PRODUCT = YES;
			};
			name = Release;
		};
		DDDB7A3824078A4E0030178A /* Debug */ = {
			isa = XCBuildConfiguration;
			baseConfigurationReference = CDD32372810ED8DF38367EE8 /* Pods-CapstoneProject.debug.xcconfig */;
			buildSettings = {
				ASSETCATALOG_COMPILER_APPICON_NAME = AppIcon;
				CODE_SIGN_STYLE = Automatic;
				DEVELOPMENT_TEAM = U64M85Q3K5;
				INFOPLIST_FILE = CapstoneProject/Info.plist;
				LD_RUNPATH_SEARCH_PATHS = (
					"$(inherited)",
					"@executable_path/Frameworks",
				);
				PRODUCT_BUNDLE_IDENTIFIER = com.BJUT.CapstoneProject;
				PRODUCT_NAME = "$(TARGET_NAME)";
				SWIFT_VERSION = 4.2;
				TARGETED_DEVICE_FAMILY = "1,2";
			};
			name = Debug;
		};
		DDDB7A3924078A4E0030178A /* Release */ = {
			isa = XCBuildConfiguration;
			baseConfigurationReference = 9924FAEE87ED36BFB434EB87 /* Pods-CapstoneProject.release.xcconfig */;
			buildSettings = {
				ASSETCATALOG_COMPILER_APPICON_NAME = AppIcon;
				CODE_SIGN_STYLE = Automatic;
				DEVELOPMENT_TEAM = U64M85Q3K5;
				INFOPLIST_FILE = CapstoneProject/Info.plist;
				LD_RUNPATH_SEARCH_PATHS = (
					"$(inherited)",
					"@executable_path/Frameworks",
				);
				PRODUCT_BUNDLE_IDENTIFIER = com.BJUT.CapstoneProject;
				PRODUCT_NAME = "$(TARGET_NAME)";
				SWIFT_VERSION = 4.2;
				TARGETED_DEVICE_FAMILY = "1,2";
			};
			name = Release;
		};
/* End XCBuildConfiguration section */

/* Begin XCConfigurationList section */
		DDDB7A1E24078A4B0030178A /* Build configuration list for PBXProject "CapstoneProject" */ = {
			isa = XCConfigurationList;
			buildConfigurations = (
				DDDB7A3524078A4E0030178A /* Debug */,
				DDDB7A3624078A4E0030178A /* Release */,
			);
			defaultConfigurationIsVisible = 0;
			defaultConfigurationName = Release;
		};
		DDDB7A3724078A4E0030178A /* Build configuration list for PBXNativeTarget "CapstoneProject" */ = {
			isa = XCConfigurationList;
			buildConfigurations = (
				DDDB7A3824078A4E0030178A /* Debug */,
				DDDB7A3924078A4E0030178A /* Release */,
			);
			defaultConfigurationIsVisible = 0;
			defaultConfigurationName = Release;
		};
/* End XCConfigurationList section */
	};
	rootObject = DDDB7A1B24078A4B0030178A /* Project object */;
}
