// !$*UTF8*$!
{
	archiveVersion = 1;
	classes = {
	};
	objectVersion = 50;
	objects = {

/* Begin PBXBuildFile section */
		1EEC75438D2BF77F87FEB59E /* Pods_CapstoneProject.framework in Frameworks */ = {isa = PBXBuildFile; fileRef = E96DBE2538AB16B79EA0375F /* Pods_CapstoneProject.framework */; };
		DD397CC8240CB436002E28E1 /* Judgement.swift in Sources */ = {isa = PBXBuildFile; fileRef = DD397CC7240CB436002E28E1 /* Judgement.swift */; };
		DD397CD1240E39B9002E28E1 /* Credit.swift in Sources */ = {isa = PBXBuildFile; fileRef = DD397CD0240E39B9002E28E1 /* Credit.swift */; };
		DD397CD4240E78F4002E28E1 /* BaseInfoDetailController.swift in Sources */ = {isa = PBXBuildFile; fileRef = DD397CD3240E78F4002E28E1 /* BaseInfoDetailController.swift */; };
		DD397CD6240E7A3D002E28E1 /* BaseInfoDetailContract.swift in Sources */ = {isa = PBXBuildFile; fileRef = DD397CD5240E7A3D002E28E1 /* BaseInfoDetailContract.swift */; };
		DD397CD8240E7CB2002E28E1 /* BaseInfoDetailModel.swift in Sources */ = {isa = PBXBuildFile; fileRef = DD397CD7240E7CB2002E28E1 /* BaseInfoDetailModel.swift */; };
		DD397CDB240EAA92002E28E1 /* HistoryDetailController.swift in Sources */ = {isa = PBXBuildFile; fileRef = DD397CDA240EAA92002E28E1 /* HistoryDetailController.swift */; };
		DD397CDD240EAC2A002E28E1 /* HistoryDetailCell.swift in Sources */ = {isa = PBXBuildFile; fileRef = DD397CDC240EAC2A002E28E1 /* HistoryDetailCell.swift */; };
		DD397CDF240EB293002E28E1 /* HistoryDetailContract.swift in Sources */ = {isa = PBXBuildFile; fileRef = DD397CDE240EB293002E28E1 /* HistoryDetailContract.swift */; };
		DD397CE1240EB49A002E28E1 /* HistoryDetailModel.swift in Sources */ = {isa = PBXBuildFile; fileRef = DD397CE0240EB49A002E28E1 /* HistoryDetailModel.swift */; };
		DD397CE4240F72D7002E28E1 /* ManagerInfoDetailCell.swift in Sources */ = {isa = PBXBuildFile; fileRef = DD397CE3240F72D7002E28E1 /* ManagerInfoDetailCell.swift */; };
		DD397CE6240F72E9002E28E1 /* ManagerInfoDetailController.swift in Sources */ = {isa = PBXBuildFile; fileRef = DD397CE5240F72E9002E28E1 /* ManagerInfoDetailController.swift */; };
		DD397CE8240F73E7002E28E1 /* ManagerInfoDetailModel.swift in Sources */ = {isa = PBXBuildFile; fileRef = DD397CE7240F73E7002E28E1 /* ManagerInfoDetailModel.swift */; };
		DD397CEA240F73F9002E28E1 /* managerInfoDetailContract.swift in Sources */ = {isa = PBXBuildFile; fileRef = DD397CE9240F73F9002E28E1 /* managerInfoDetailContract.swift */; };
		DD397CED240F9B62002E28E1 /* HolderInfoDetailController.swift in Sources */ = {isa = PBXBuildFile; fileRef = DD397CEC240F9B62002E28E1 /* HolderInfoDetailController.swift */; };
		DD397CEF240F9C13002E28E1 /* HolderInfoDetailModel.swift in Sources */ = {isa = PBXBuildFile; fileRef = DD397CEE240F9C13002E28E1 /* HolderInfoDetailModel.swift */; };
		DD397CF1240F9C2A002E28E1 /* HolderInfoDetailContract.swift in Sources */ = {isa = PBXBuildFile; fileRef = DD397CF0240F9C2A002E28E1 /* HolderInfoDetailContract.swift */; };
		DD397CF32410130B002E28E1 /* PercentFormatter.swift in Sources */ = {isa = PBXBuildFile; fileRef = DD397CF22410130B002E28E1 /* PercentFormatter.swift */; };
		DD73FA8424080AE900469726 /* TargetType.swift in Sources */ = {isa = PBXBuildFile; fileRef = DD73FA8324080AE900469726 /* TargetType.swift */; };
		DD73FA8624080B9E00469726 /* RequestClient.swift in Sources */ = {isa = PBXBuildFile; fileRef = DD73FA8524080B9E00469726 /* RequestClient.swift */; };
		DD73FA8824080BE900469726 /* ALTools.swift in Sources */ = {isa = PBXBuildFile; fileRef = DD73FA8724080BE900469726 /* ALTools.swift */; };
		DD73FA8B24080F1400469726 /* SearchCompanyController.swift in Sources */ = {isa = PBXBuildFile; fileRef = DD73FA8A24080F1400469726 /* SearchCompanyController.swift */; };
		DD73FA8D24080F2A00469726 /* CompanyItemCell.swift in Sources */ = {isa = PBXBuildFile; fileRef = DD73FA8C24080F2A00469726 /* CompanyItemCell.swift */; };
		DDA905E42408D99D00D113C5 /* SearchCompanyModel.swift in Sources */ = {isa = PBXBuildFile; fileRef = DDA905E32408D99D00D113C5 /* SearchCompanyModel.swift */; };
		DDA905E62408D9F100D113C5 /* SearchCompanyContract.swift in Sources */ = {isa = PBXBuildFile; fileRef = DDA905E52408D9F100D113C5 /* SearchCompanyContract.swift */; };
		DDA905E9240B9AA400D113C5 /* CompanyDetailContract.swift in Sources */ = {isa = PBXBuildFile; fileRef = DDA905E8240B9AA400D113C5 /* CompanyDetailContract.swift */; };
		DDA905EB240B9AD300D113C5 /* CompanyDetailModel.swift in Sources */ = {isa = PBXBuildFile; fileRef = DDA905EA240B9AD300D113C5 /* CompanyDetailModel.swift */; };
		DDA905ED240B9B1E00D113C5 /* CompanyDetailController.swift in Sources */ = {isa = PBXBuildFile; fileRef = DDA905EC240B9B1E00D113C5 /* CompanyDetailController.swift */; };
		DDA905EF240BA43800D113C5 /* remote.swift in Sources */ = {isa = PBXBuildFile; fileRef = DDA905EE240BA43800D113C5 /* remote.swift */; };
		DDA905F2240BB40100D113C5 /* FinancialReportController.swift in Sources */ = {isa = PBXBuildFile; fileRef = DDA905F1240BB40100D113C5 /* FinancialReportController.swift */; };
		DDA905F4240BE87F00D113C5 /* FinancialReportContract.swift in Sources */ = {isa = PBXBuildFile; fileRef = DDA905F3240BE87F00D113C5 /* FinancialReportContract.swift */; };
		DDA905F7240BE8BB00D113C5 /* FinancialReportModel.swift in Sources */ = {isa = PBXBuildFile; fileRef = DDA905F6240BE8BB00D113C5 /* FinancialReportModel.swift */; };
		DDDB7A2724078A4B0030178A /* AppDelegate.swift in Sources */ = {isa = PBXBuildFile; fileRef = DDDB7A2624078A4B0030178A /* AppDelegate.swift */; };
		DDDB7A2924078A4B0030178A /* SceneDelegate.swift in Sources */ = {isa = PBXBuildFile; fileRef = DDDB7A2824078A4B0030178A /* SceneDelegate.swift */; };
		DDDB7A2B24078A4B0030178A /* ViewController.swift in Sources */ = {isa = PBXBuildFile; fileRef = DDDB7A2A24078A4B0030178A /* ViewController.swift */; };
		DDDB7A2E24078A4B0030178A /* Main.storyboard in Resources */ = {isa = PBXBuildFile; fileRef = DDDB7A2C24078A4B0030178A /* Main.storyboard */; };
		DDDB7A3024078A4E0030178A /* Assets.xcassets in Resources */ = {isa = PBXBuildFile; fileRef = DDDB7A2F24078A4E0030178A /* Assets.xcassets */; };
		DDDB7A3324078A4E0030178A /* LaunchScreen.storyboard in Resources */ = {isa = PBXBuildFile; fileRef = DDDB7A3124078A4E0030178A /* LaunchScreen.storyboard */; };
		DDE1541F2410CD97009C65A3 /* MyTable.swift in Sources */ = {isa = PBXBuildFile; fileRef = DDE1541E2410CD97009C65A3 /* MyTable.swift */; };
		DDE154232410E30B009C65A3 /* UserTableViewCell.swift in Sources */ = {isa = PBXBuildFile; fileRef = DDE154222410E30B009C65A3 /* UserTableViewCell.swift */; };
/* End PBXBuildFile section */

/* Begin PBXFileReference section */
		9924FAEE87ED36BFB434EB87 /* Pods-CapstoneProject.release.xcconfig */ = {isa = PBXFileReference; includeInIndex = 1; lastKnownFileType = text.xcconfig; name = "Pods-CapstoneProject.release.xcconfig"; path = "Pods/Target Support Files/Pods-CapstoneProject/Pods-CapstoneProject.release.xcconfig"; sourceTree = "<group>"; };
		CDD32372810ED8DF38367EE8 /* Pods-CapstoneProject.debug.xcconfig */ = {isa = PBXFileReference; includeInIndex = 1; lastKnownFileType = text.xcconfig; name = "Pods-CapstoneProject.debug.xcconfig"; path = "Pods/Target Support Files/Pods-CapstoneProject/Pods-CapstoneProject.debug.xcconfig"; sourceTree = "<group>"; };
		DD397CC7240CB436002E28E1 /* Judgement.swift */ = {isa = PBXFileReference; lastKnownFileType = sourcecode.swift; path = Judgement.swift; sourceTree = "<group>"; };
		DD397CD0240E39B9002E28E1 /* Credit.swift */ = {isa = PBXFileReference; lastKnownFileType = sourcecode.swift; path = Credit.swift; sourceTree = "<group>"; };
		DD397CD3240E78F4002E28E1 /* BaseInfoDetailController.swift */ = {isa = PBXFileReference; lastKnownFileType = sourcecode.swift; path = BaseInfoDetailController.swift; sourceTree = "<group>"; };
		DD397CD5240E7A3D002E28E1 /* BaseInfoDetailContract.swift */ = {isa = PBXFileReference; lastKnownFileType = sourcecode.swift; path = BaseInfoDetailContract.swift; sourceTree = "<group>"; };
		DD397CD7240E7CB2002E28E1 /* BaseInfoDetailModel.swift */ = {isa = PBXFileReference; lastKnownFileType = sourcecode.swift; path = BaseInfoDetailModel.swift; sourceTree = "<group>"; };
		DD397CDA240EAA92002E28E1 /* HistoryDetailController.swift */ = {isa = PBXFileReference; lastKnownFileType = sourcecode.swift; path = HistoryDetailController.swift; sourceTree = "<group>"; };
		DD397CDC240EAC2A002E28E1 /* HistoryDetailCell.swift */ = {isa = PBXFileReference; lastKnownFileType = sourcecode.swift; path = HistoryDetailCell.swift; sourceTree = "<group>"; };
		DD397CDE240EB293002E28E1 /* HistoryDetailContract.swift */ = {isa = PBXFileReference; lastKnownFileType = sourcecode.swift; path = HistoryDetailContract.swift; sourceTree = "<group>"; };
		DD397CE0240EB49A002E28E1 /* HistoryDetailModel.swift */ = {isa = PBXFileReference; lastKnownFileType = sourcecode.swift; path = HistoryDetailModel.swift; sourceTree = "<group>"; };
		DD397CE3240F72D7002E28E1 /* ManagerInfoDetailCell.swift */ = {isa = PBXFileReference; lastKnownFileType = sourcecode.swift; path = ManagerInfoDetailCell.swift; sourceTree = "<group>"; };
		DD397CE5240F72E9002E28E1 /* ManagerInfoDetailController.swift */ = {isa = PBXFileReference; lastKnownFileType = sourcecode.swift; path = ManagerInfoDetailController.swift; sourceTree = "<group>"; };
		DD397CE7240F73E7002E28E1 /* ManagerInfoDetailModel.swift */ = {isa = PBXFileReference; lastKnownFileType = sourcecode.swift; path = ManagerInfoDetailModel.swift; sourceTree = "<group>"; };
		DD397CE9240F73F9002E28E1 /* managerInfoDetailContract.swift */ = {isa = PBXFileReference; lastKnownFileType = sourcecode.swift; path = managerInfoDetailContract.swift; sourceTree = "<group>"; };
		DD397CEC240F9B62002E28E1 /* HolderInfoDetailController.swift */ = {isa = PBXFileReference; lastKnownFileType = sourcecode.swift; path = HolderInfoDetailController.swift; sourceTree = "<group>"; };
		DD397CEE240F9C13002E28E1 /* HolderInfoDetailModel.swift */ = {isa = PBXFileReference; lastKnownFileType = sourcecode.swift; path = HolderInfoDetailModel.swift; sourceTree = "<group>"; };
		DD397CF0240F9C2A002E28E1 /* HolderInfoDetailContract.swift */ = {isa = PBXFileReference; lastKnownFileType = sourcecode.swift; path = HolderInfoDetailContract.swift; sourceTree = "<group>"; };
		DD397CF22410130B002E28E1 /* PercentFormatter.swift */ = {isa = PBXFileReference; lastKnownFileType = sourcecode.swift; path = PercentFormatter.swift; sourceTree = "<group>"; };
		DD73FA8324080AE900469726 /* TargetType.swift */ = {isa = PBXFileReference; lastKnownFileType = sourcecode.swift; path = TargetType.swift; sourceTree = "<group>"; };
		DD73FA8524080B9E00469726 /* RequestClient.swift */ = {isa = PBXFileReference; lastKnownFileType = sourcecode.swift; path = RequestClient.swift; sourceTree = "<group>"; };
		DD73FA8724080BE900469726 /* ALTools.swift */ = {isa = PBXFileReference; lastKnownFileType = sourcecode.swift; path = ALTools.swift; sourceTree = "<group>"; };
		DD73FA8A24080F1400469726 /* SearchCompanyController.swift */ = {isa = PBXFileReference; lastKnownFileType = sourcecode.swift; path = SearchCompanyController.swift; sourceTree = "<group>"; };
		DD73FA8C24080F2A00469726 /* CompanyItemCell.swift */ = {isa = PBXFileReference; lastKnownFileType = sourcecode.swift; path = CompanyItemCell.swift; sourceTree = "<group>"; };
		DDA905E32408D99D00D113C5 /* SearchCompanyModel.swift */ = {isa = PBXFileReference; lastKnownFileType = sourcecode.swift; path = SearchCompanyModel.swift; sourceTree = "<group>"; };
		DDA905E52408D9F100D113C5 /* SearchCompanyContract.swift */ = {isa = PBXFileReference; lastKnownFileType = sourcecode.swift; path = SearchCompanyContract.swift; sourceTree = "<group>"; };
		DDA905E8240B9AA400D113C5 /* CompanyDetailContract.swift */ = {isa = PBXFileReference; lastKnownFileType = sourcecode.swift; path = CompanyDetailContract.swift; sourceTree = "<group>"; };
		DDA905EA240B9AD300D113C5 /* CompanyDetailModel.swift */ = {isa = PBXFileReference; lastKnownFileType = sourcecode.swift; path = CompanyDetailModel.swift; sourceTree = "<group>"; };
		DDA905EC240B9B1E00D113C5 /* CompanyDetailController.swift */ = {isa = PBXFileReference; lastKnownFileType = sourcecode.swift; path = CompanyDetailController.swift; sourceTree = "<group>"; };
		DDA905EE240BA43800D113C5 /* remote.swift */ = {isa = PBXFileReference; lastKnownFileType = sourcecode.swift; path = remote.swift; sourceTree = "<group>"; };
		DDA905F1240BB40100D113C5 /* FinancialReportController.swift */ = {isa = PBXFileReference; lastKnownFileType = sourcecode.swift; path = FinancialReportController.swift; sourceTree = "<group>"; };
		DDA905F3240BE87F00D113C5 /* FinancialReportContract.swift */ = {isa = PBXFileReference; lastKnownFileType = sourcecode.swift; path = FinancialReportContract.swift; sourceTree = "<group>"; };
		DDA905F6240BE8BB00D113C5 /* FinancialReportModel.swift */ = {isa = PBXFileReference; lastKnownFileType = sourcecode.swift; path = FinancialReportModel.swift; sourceTree = "<group>"; };
		DDDB7A2324078A4B0030178A /* CapstoneProject.app */ = {isa = PBXFileReference; explicitFileType = wrapper.application; includeInIndex = 0; path = CapstoneProject.app; sourceTree = BUILT_PRODUCTS_DIR; };
		DDDB7A2624078A4B0030178A /* AppDelegate.swift */ = {isa = PBXFileReference; lastKnownFileType = sourcecode.swift; path = AppDelegate.swift; sourceTree = "<group>"; };
		DDDB7A2824078A4B0030178A /* SceneDelegate.swift */ = {isa = PBXFileReference; lastKnownFileType = sourcecode.swift; path = SceneDelegate.swift; sourceTree = "<group>"; };
		DDDB7A2A24078A4B0030178A /* ViewController.swift */ = {isa = PBXFileReference; lastKnownFileType = sourcecode.swift; path = ViewController.swift; sourceTree = "<group>"; };
		DDDB7A2D24078A4B0030178A /* Base */ = {isa = PBXFileReference; lastKnownFileType = file.storyboard; name = Base; path = Base.lproj/Main.storyboard; sourceTree = "<group>"; };
		DDDB7A2F24078A4E0030178A /* Assets.xcassets */ = {isa = PBXFileReference; lastKnownFileType = folder.assetcatalog; path = Assets.xcassets; sourceTree = "<group>"; };
		DDDB7A3224078A4E0030178A /* Base */ = {isa = PBXFileReference; lastKnownFileType = file.storyboard; name = Base; path = Base.lproj/LaunchScreen.storyboard; sourceTree = "<group>"; };
		DDDB7A3424078A4E0030178A /* Info.plist */ = {isa = PBXFileReference; lastKnownFileType = text.plist.xml; path = Info.plist; sourceTree = "<group>"; };
		DDE1541E2410CD97009C65A3 /* MyTable.swift */ = {isa = PBXFileReference; lastKnownFileType = sourcecode.swift; path = MyTable.swift; sourceTree = "<group>"; };
		DDE154222410E30B009C65A3 /* UserTableViewCell.swift */ = {isa = PBXFileReference; lastKnownFileType = sourcecode.swift; name = UserTableViewCell.swift; path = /Users/shiyuwang/Desktop/Capstone/Code/CapstoneProject/CapstoneProject/UserTableViewCell.swift; sourceTree = "<absolute>"; };
		E96DBE2538AB16B79EA0375F /* Pods_CapstoneProject.framework */ = {isa = PBXFileReference; explicitFileType = wrapper.framework; includeInIndex = 0; path = Pods_CapstoneProject.framework; sourceTree = BUILT_PRODUCTS_DIR; };
/* End PBXFileReference section */

/* Begin PBXFrameworksBuildPhase section */
		DDDB7A2024078A4B0030178A /* Frameworks */ = {
			isa = PBXFrameworksBuildPhase;
			buildActionMask = 2147483647;
			files = (
				1EEC75438D2BF77F87FEB59E /* Pods_CapstoneProject.framework in Frameworks */,
			);
			runOnlyForDeploymentPostprocessing = 0;
		};
/* End PBXFrameworksBuildPhase section */

/* Begin PBXGroup section */
		9F5B95751C132EEDDA56E7C4 /* Pods */ = {
			isa = PBXGroup;
			children = (
				CDD32372810ED8DF38367EE8 /* Pods-CapstoneProject.debug.xcconfig */,
				9924FAEE87ED36BFB434EB87 /* Pods-CapstoneProject.release.xcconfig */,
			);
			name = Pods;
			sourceTree = "<group>";
		};
		A62E7866A331402B56D729B6 /* Frameworks */ = {
			isa = PBXGroup;
			children = (
				E96DBE2538AB16B79EA0375F /* Pods_CapstoneProject.framework */,
			);
			name = Frameworks;
			sourceTree = "<group>";
		};
		DD397CD2240E702F002E28E1 /* BaseInfoDetail */ = {
			isa = PBXGroup;
			children = (
				DD397CD5240E7A3D002E28E1 /* BaseInfoDetailContract.swift */,
				DD397CD7240E7CB2002E28E1 /* BaseInfoDetailModel.swift */,
				DD397CD3240E78F4002E28E1 /* BaseInfoDetailController.swift */,
			);
			name = BaseInfoDetail;
			sourceTree = "<group>";
		};
		DD397CD9240EAA6C002E28E1 /* HistoryDetail */ = {
			isa = PBXGroup;
			children = (
				DD397CDE240EB293002E28E1 /* HistoryDetailContract.swift */,
				DD397CE0240EB49A002E28E1 /* HistoryDetailModel.swift */,
				DD397CDA240EAA92002E28E1 /* HistoryDetailController.swift */,
				DD397CDC240EAC2A002E28E1 /* HistoryDetailCell.swift */,
			);
			name = HistoryDetail;
			sourceTree = "<group>";
		};
		DD397CE2240F72A5002E28E1 /* ManagerInfoDetail */ = {
			isa = PBXGroup;
			children = (
				DD397CE9240F73F9002E28E1 /* managerInfoDetailContract.swift */,
				DD397CE7240F73E7002E28E1 /* ManagerInfoDetailModel.swift */,
				DD397CE5240F72E9002E28E1 /* ManagerInfoDetailController.swift */,
				DD397CE3240F72D7002E28E1 /* ManagerInfoDetailCell.swift */,
			);
			name = ManagerInfoDetail;
			sourceTree = "<group>";
		};
		DD397CEB240F8FFD002E28E1 /* HolderInfoDetail */ = {
			isa = PBXGroup;
			children = (
				DD397CF0240F9C2A002E28E1 /* HolderInfoDetailContract.swift */,
				DD397CEE240F9C13002E28E1 /* HolderInfoDetailModel.swift */,
				DD397CEC240F9B62002E28E1 /* HolderInfoDetailController.swift */,
				DD397CF22410130B002E28E1 /* PercentFormatter.swift */,
			);
			name = HolderInfoDetail;
			sourceTree = "<group>";
		};
		DD73FA8F24080F9500469726 /* NetworkTools */ = {
			isa = PBXGroup;
			children = (
				DD73FA8324080AE900469726 /* TargetType.swift */,
				DD73FA8524080B9E00469726 /* RequestClient.swift */,
				DD73FA8724080BE900469726 /* ALTools.swift */,
				DDA905EE240BA43800D113C5 /* remote.swift */,
			);
			name = NetworkTools;
			sourceTree = "<group>";
		};
		DD73FA9124080FB500469726 /* SearchCompany */ = {
			isa = PBXGroup;
			children = (
				DDA905E52408D9F100D113C5 /* SearchCompanyContract.swift */,
				DDA905E32408D99D00D113C5 /* SearchCompanyModel.swift */,
				DD73FA8A24080F1400469726 /* SearchCompanyController.swift */,
				DD73FA8C24080F2A00469726 /* CompanyItemCell.swift */,
			);
			name = SearchCompany;
			sourceTree = "<group>";
		};
		DDA905E7240B9A7200D113C5 /* CompanyDetail */ = {
			isa = PBXGroup;
			children = (
				DDA905E8240B9AA400D113C5 /* CompanyDetailContract.swift */,
				DDA905EA240B9AD300D113C5 /* CompanyDetailModel.swift */,
				DDA905EC240B9B1E00D113C5 /* CompanyDetailController.swift */,
			);
			name = CompanyDetail;
			sourceTree = "<group>";
		};
		DDA905F0240BB3C600D113C5 /* FinancialReport */ = {
			isa = PBXGroup;
			children = (
				DDA905F8240C0EA700D113C5 /* FinancialReport */,
				DD397CD2240E702F002E28E1 /* BaseInfoDetail */,
				DD397CEB240F8FFD002E28E1 /* HolderInfoDetail */,
				DD397CD9240EAA6C002E28E1 /* HistoryDetail */,
				DD397CE2240F72A5002E28E1 /* ManagerInfoDetail */,
			);
			name = FinancialReport;
			sourceTree = "<group>";
		};
		DDA905F8240C0EA700D113C5 /* FinancialReport */ = {
			isa = PBXGroup;
			children = (
				DDA905F3240BE87F00D113C5 /* FinancialReportContract.swift */,
				DDA905F6240BE8BB00D113C5 /* FinancialReportModel.swift */,
				DDA905F1240BB40100D113C5 /* FinancialReportController.swift */,
			);
			name = FinancialReport;
			sourceTree = "<group>";
		};
		DDDB7A1A24078A4B0030178A = {
			isa = PBXGroup;
			children = (
				DDDB7A2524078A4B0030178A /* CapstoneProject */,
				DDDB7A2424078A4B0030178A /* Products */,
				9F5B95751C132EEDDA56E7C4 /* Pods */,
				A62E7866A331402B56D729B6 /* Frameworks */,
			);
			sourceTree = "<group>";
		};
		DDDB7A2424078A4B0030178A /* Products */ = {
			isa = PBXGroup;
			children = (
				DDDB7A2324078A4B0030178A /* CapstoneProject.app */,
			);
			name = Products;
			sourceTree = "<group>";
		};
		DDDB7A2524078A4B0030178A /* CapstoneProject */ = {
			isa = PBXGroup;
			children = (
				DD73FA9124080FB500469726 /* SearchCompany */,
				DDA905E7240B9A7200D113C5 /* CompanyDetail */,
				DDA905F0240BB3C600D113C5 /* FinancialReport */,
				DD73FA8F24080F9500469726 /* NetworkTools */,
				DDE1541D2410CD1E009C65A3 /* View */,
				DDDB7A2624078A4B0030178A /* AppDelegate.swift */,
				DDDB7A2824078A4B0030178A /* SceneDelegate.swift */,
				DDDB7A3424078A4E0030178A /* Info.plist */,
				DDE1541E2410CD97009C65A3 /* MyTable.swift */,
				DD397CD0240E39B9002E28E1 /* Credit.swift */,
				DD397CC7240CB436002E28E1 /* Judgement.swift */,
				DDDB7A2A24078A4B0030178A /* ViewController.swift */,
				DDE154222410E30B009C65A3 /* UserTableViewCell.swift */,
			);
			path = CapstoneProject;
			sourceTree = "<group>";
		};
		DDE1541D2410CD1E009C65A3 /* View */ = {
			isa = PBXGroup;
			children = (
				DDDB7A2C24078A4B0030178A /* Main.storyboard */,
				DDDB7A2F24078A4E0030178A /* Assets.xcassets */,
				DDDB7A3124078A4E0030178A /* LaunchScreen.storyboard */,
			);
			name = View;
			sourceTree = "<group>";
		};
/* End PBXGroup section */

/* Begin PBXNativeTarget section */
		DDDB7A2224078A4B0030178A /* CapstoneProject */ = {
			isa = PBXNativeTarget;
			buildConfigurationList = DDDB7A3724078A4E0030178A /* Build configuration list for PBXNativeTarget "CapstoneProject" */;
			buildPhases = (
				4FEF933E25148CE1F1D6472F /* [CP] Check Pods Manifest.lock */,
				DDDB7A1F24078A4B0030178A /* Sources */,
				DDDB7A2024078A4B0030178A /* Frameworks */,
				DDDB7A2124078A4B0030178A /* Resources */,
				9725AF9C9E2C73CD1FE0E752 /* [CP] Embed Pods Frameworks */,
			);
			buildRules = (
			);
			dependencies = (
			);
			name = CapstoneProject;
			productName = CapstoneProject;
			productReference = DDDB7A2324078A4B0030178A /* CapstoneProject.app */;
			productType = "com.apple.product-type.application";
		};
/* End PBXNativeTarget section */

/* Begin PBXProject section */
		DDDB7A1B24078A4B0030178A /* Project object */ = {
			isa = PBXProject;
			attributes = {
				LastSwiftUpdateCheck = 1130;
				LastUpgradeCheck = 1130;
				ORGANIZATIONNAME = "Shiyu Wang";
				TargetAttributes = {
					DDDB7A2224078A4B0030178A = {
						CreatedOnToolsVersion = 11.3.1;
					};
				};
			};
			buildConfigurationList = DDDB7A1E24078A4B0030178A /* Build configuration list for PBXProject "CapstoneProject" */;
			compatibilityVersion = "Xcode 9.3";
			developmentRegion = en;
			hasScannedForEncodings = 0;
			knownRegions = (
				en,
				Base,
			);
			mainGroup = DDDB7A1A24078A4B0030178A;
			productRefGroup = DDDB7A2424078A4B0030178A /* Products */;
			projectDirPath = "";
			projectRoot = "";
			targets = (
				DDDB7A2224078A4B0030178A /* CapstoneProject */,
			);
		};
/* End PBXProject section */

/* Begin PBXResourcesBuildPhase section */
		DDDB7A2124078A4B0030178A /* Resources */ = {
			isa = PBXResourcesBuildPhase;
			buildActionMask = 2147483647;
			files = (
				DDDB7A3324078A4E0030178A /* LaunchScreen.storyboard in Resources */,
				DDDB7A3024078A4E0030178A /* Assets.xcassets in Resources */,
				DDDB7A2E24078A4B0030178A /* Main.storyboard in Resources */,
			);
			runOnlyForDeploymentPostprocessing = 0;
		};
/* End PBXResourcesBuildPhase section */

/* Begin PBXShellScriptBuildPhase section */
		4FEF933E25148CE1F1D6472F /* [CP] Check Pods Manifest.lock */ = {
			isa = PBXShellScriptBuildPhase;
			buildActionMask = 2147483647;
			files = (
			);
			inputPaths = (
				"${PODS_PODFILE_DIR_PATH}/Podfile.lock",
				"${PODS_ROOT}/Manifest.lock",
			);
			name = "[CP] Check Pods Manifest.lock";
			outputPaths = (
				"$(DERIVED_FILE_DIR)/Pods-CapstoneProject-checkManifestLockResult.txt",
			);
			runOnlyForDeploymentPostprocessing = 0;
			shellPath = /bin/sh;
			shellScript = "diff \"${PODS_PODFILE_DIR_PATH}/Podfile.lock\" \"${PODS_ROOT}/Manifest.lock\" > /dev/null\nif [ $? != 0 ] ; then\n    # print error to STDERR\n    echo \"error: The sandbox is not in sync with the Podfile.lock. Run 'pod install' or update your CocoaPods installation.\" >&2\n    exit 1\nfi\n# This output is used by Xcode 'outputs' to avoid re-running this script phase.\necho \"SUCCESS\" > \"${SCRIPT_OUTPUT_FILE_0}\"\n";
			showEnvVarsInLog = 0;
		};
		9725AF9C9E2C73CD1FE0E752 /* [CP] Embed Pods Frameworks */ = {
			isa = PBXShellScriptBuildPhase;
			buildActionMask = 2147483647;
			files = (
			);
			inputPaths = (
				"${SRCROOT}/Pods/Target Support Files/Pods-CapstoneProject/Pods-CapstoneProject-frameworks.sh",
				"${BUILT_PRODUCTS_DIR}/Alamofire/Alamofire.framework",
				"${BUILT_PRODUCTS_DIR}/Charts/Charts.framework",
				"${BUILT_PRODUCTS_DIR}/SVProgressHUD/SVProgressHUD.framework",
				"${BUILT_PRODUCTS_DIR}/SwiftyJSON/SwiftyJSON.framework",
				"${BUILT_PRODUCTS_DIR}/TableKit/TableKit.framework",
			);
			name = "[CP] Embed Pods Frameworks";
			outputPaths = (
				"${TARGET_BUILD_DIR}/${FRAMEWORKS_FOLDER_PATH}/Alamofire.framework",
				"${TARGET_BUILD_DIR}/${FRAMEWORKS_FOLDER_PATH}/Charts.framework",
				"${TARGET_BUILD_DIR}/${FRAMEWORKS_FOLDER_PATH}/SVProgressHUD.framework",
				"${TARGET_BUILD_DIR}/${FRAMEWORKS_FOLDER_PATH}/SwiftyJSON.framework",
				"${TARGET_BUILD_DIR}/${FRAMEWORKS_FOLDER_PATH}/TableKit.framework",
			);
			runOnlyForDeploymentPostprocessing = 0;
			shellPath = /bin/sh;
			shellScript = "\"${SRCROOT}/Pods/Target Support Files/Pods-CapstoneProject/Pods-CapstoneProject-frameworks.sh\"\n";
			showEnvVarsInLog = 0;
		};
/* End PBXShellScriptBuildPhase section */

/* Begin PBXSourcesBuildPhase section */
		DDDB7A1F24078A4B0030178A /* Sources */ = {
			isa = PBXSourcesBuildPhase;
			buildActionMask = 2147483647;
			files = (
				DDA905E9240B9AA400D113C5 /* CompanyDetailContract.swift in Sources */,
				DD73FA8824080BE900469726 /* ALTools.swift in Sources */,
				DD397CD1240E39B9002E28E1 /* Credit.swift in Sources */,
				DD73FA8624080B9E00469726 /* RequestClient.swift in Sources */,
				DD397CEF240F9C13002E28E1 /* HolderInfoDetailModel.swift in Sources */,
				DD397CE8240F73E7002E28E1 /* ManagerInfoDetailModel.swift in Sources */,
				DD397CF32410130B002E28E1 /* PercentFormatter.swift in Sources */,
				DD397CC8240CB436002E28E1 /* Judgement.swift in Sources */,
				DD397CE6240F72E9002E28E1 /* ManagerInfoDetailController.swift in Sources */,
				DDA905F2240BB40100D113C5 /* FinancialReportController.swift in Sources */,
				DDA905F7240BE8BB00D113C5 /* FinancialReportModel.swift in Sources */,
				DD397CDD240EAC2A002E28E1 /* HistoryDetailCell.swift in Sources */,
				DD73FA8424080AE900469726 /* TargetType.swift in Sources */,
				DDA905E62408D9F100D113C5 /* SearchCompanyContract.swift in Sources */,
				DDDB7A2B24078A4B0030178A /* ViewController.swift in Sources */,
				DDA905F4240BE87F00D113C5 /* FinancialReportContract.swift in Sources */,
				DD397CDB240EAA92002E28E1 /* HistoryDetailController.swift in Sources */,
				DD397CDF240EB293002E28E1 /* HistoryDetailContract.swift in Sources */,
				DD397CD4240E78F4002E28E1 /* BaseInfoDetailController.swift in Sources */,
				DD397CEA240F73F9002E28E1 /* managerInfoDetailContract.swift in Sources */,
				DD397CD6240E7A3D002E28E1 /* BaseInfoDetailContract.swift in Sources */,
				DDE1541F2410CD97009C65A3 /* MyTable.swift in Sources */,
				DDA905ED240B9B1E00D113C5 /* CompanyDetailController.swift in Sources */,
				DDA905EB240B9AD300D113C5 /* CompanyDetailModel.swift in Sources */,
				DD73FA8B24080F1400469726 /* SearchCompanyController.swift in Sources */,
				DDA905EF240BA43800D113C5 /* remote.swift in Sources */,
				DD397CED240F9B62002E28E1 /* HolderInfoDetailController.swift in Sources */,
				DD397CD8240E7CB2002E28E1 /* BaseInfoDetailModel.swift in Sources */,
				DDE154232410E30B009C65A3 /* UserTableViewCell.swift in Sources */,
				DDDB7A2724078A4B0030178A /* AppDelegate.swift in Sources */,
				DD73FA8D24080F2A00469726 /* CompanyItemCell.swift in Sources */,
				DD397CE1240EB49A002E28E1 /* HistoryDetailModel.swift in Sources */,
				DD397CF1240F9C2A002E28E1 /* HolderInfoDetailContract.swift in Sources */,
				DD397CE4240F72D7002E28E1 /* ManagerInfoDetailCell.swift in Sources */,
				DDA905E42408D99D00D113C5 /* SearchCompanyModel.swift in Sources */,
				DDDB7A2924078A4B0030178A /* SceneDelegate.swift in Sources */,
			);
			runOnlyForDeploymentPostprocessing = 0;
		};
/* End PBXSourcesBuildPhase section */

/* Begin PBXVariantGroup section */
		DDDB7A2C24078A4B0030178A /* Main.storyboard */ = {
			isa = PBXVariantGroup;
			children = (
				DDDB7A2D24078A4B0030178A /* Base */,
			);
			name = Main.storyboard;
			sourceTree = "<group>";
		};
		DDDB7A3124078A4E0030178A /* LaunchScreen.storyboard */ = {
			isa = PBXVariantGroup;
			children = (
				DDDB7A3224078A4E0030178A /* Base */,
			);
			name = LaunchScreen.storyboard;
			sourceTree = "<group>";
		};
/* End PBXVariantGroup section */

/* Begin XCBuildConfiguration section */
		DDDB7A3524078A4E0030178A /* Debug */ = {
			isa = XCBuildConfiguration;
			buildSettings = {
				ALWAYS_SEARCH_USER_PATHS = NO;
				CLANG_ANALYZER_NONNULL = YES;
				CLANG_ANALYZER_NUMBER_OBJECT_CONVERSION = YES_AGGRESSIVE;
				CLANG_CXX_LANGUAGE_STANDARD = "gnu++14";
				CLANG_CXX_LIBRARY = "libc++";
				CLANG_ENABLE_MODULES = YES;
				CLANG_ENABLE_OBJC_ARC = YES;
				CLANG_ENABLE_OBJC_WEAK = YES;
				CLANG_WARN_BLOCK_CAPTURE_AUTORELEASING = YES;
				CLANG_WARN_BOOL_CONVERSION = YES;
				CLANG_WARN_COMMA = YES;
				CLANG_WARN_CONSTANT_CONVERSION = YES;
				CLANG_WARN_DEPRECATED_OBJC_IMPLEMENTATIONS = YES;
				CLANG_WARN_DIRECT_OBJC_ISA_USAGE = YES_ERROR;
				CLANG_WARN_DOCUMENTATION_COMMENTS = YES;
				CLANG_WARN_EMPTY_BODY = YES;
				CLANG_WARN_ENUM_CONVERSION = YES;
				CLANG_WARN_INFINITE_RECURSION = YES;
				CLANG_WARN_INT_CONVERSION = YES;
				CLANG_WARN_NON_LITERAL_NULL_CONVERSION = YES;
				CLANG_WARN_OBJC_IMPLICIT_RETAIN_SELF = YES;
				CLANG_WARN_OBJC_LITERAL_CONVERSION = YES;
				CLANG_WARN_OBJC_ROOT_CLASS = YES_ERROR;
				CLANG_WARN_RANGE_LOOP_ANALYSIS = YES;
				CLANG_WARN_STRICT_PROTOTYPES = YES;
				CLANG_WARN_SUSPICIOUS_MOVE = YES;
				CLANG_WARN_UNGUARDED_AVAILABILITY = YES_AGGRESSIVE;
				CLANG_WARN_UNREACHABLE_CODE = YES;
				CLANG_WARN__DUPLICATE_METHOD_MATCH = YES;
				COPY_PHASE_STRIP = NO;
				DEBUG_INFORMATION_FORMAT = dwarf;
				ENABLE_STRICT_OBJC_MSGSEND = YES;
				ENABLE_TESTABILITY = YES;
				GCC_C_LANGUAGE_STANDARD = gnu11;
				GCC_DYNAMIC_NO_PIC = NO;
				GCC_NO_COMMON_BLOCKS = YES;
				GCC_OPTIMIZATION_LEVEL = 0;
				GCC_PREPROCESSOR_DEFINITIONS = (
					"DEBUG=1",
					"$(inherited)",
				);
				GCC_WARN_64_TO_32_BIT_CONVERSION = YES;
				GCC_WARN_ABOUT_RETURN_TYPE = YES_ERROR;
				GCC_WARN_UNDECLARED_SELECTOR = YES;
				GCC_WARN_UNINITIALIZED_AUTOS = YES_AGGRESSIVE;
				GCC_WARN_UNUSED_FUNCTION = YES;
				GCC_WARN_UNUSED_VARIABLE = YES;
				IPHONEOS_DEPLOYMENT_TARGET = 13.2;
				MTL_ENABLE_DEBUG_INFO = INCLUDE_SOURCE;
				MTL_FAST_MATH = YES;
				ONLY_ACTIVE_ARCH = YES;
				SDKROOT = iphoneos;
				SWIFT_ACTIVE_COMPILATION_CONDITIONS = DEBUG;
				SWIFT_OPTIMIZATION_LEVEL = "-Onone";
			};
			name = Debug;
		};
		DDDB7A3624078A4E0030178A /* Release */ = {
			isa = XCBuildConfiguration;
			buildSettings = {
				ALWAYS_SEARCH_USER_PATHS = NO;
				CLANG_ANALYZER_NONNULL = YES;
				CLANG_ANALYZER_NUMBER_OBJECT_CONVERSION = YES_AGGRESSIVE;
				CLANG_CXX_LANGUAGE_STANDARD = "gnu++14";
				CLANG_CXX_LIBRARY = "libc++";
				CLANG_ENABLE_MODULES = YES;
				CLANG_ENABLE_OBJC_ARC = YES;
				CLANG_ENABLE_OBJC_WEAK = YES;
				CLANG_WARN_BLOCK_CAPTURE_AUTORELEASING = YES;
				CLANG_WARN_BOOL_CONVERSION = YES;
				CLANG_WARN_COMMA = YES;
				CLANG_WARN_CONSTANT_CONVERSION = YES;
				CLANG_WARN_DEPRECATED_OBJC_IMPLEMENTATIONS = YES;
				CLANG_WARN_DIRECT_OBJC_ISA_USAGE = YES_ERROR;
				CLANG_WARN_DOCUMENTATION_COMMENTS = YES;
				CLANG_WARN_EMPTY_BODY = YES;
				CLANG_WARN_ENUM_CONVERSION = YES;
				CLANG_WARN_INFINITE_RECURSION = YES;
				CLANG_WARN_INT_CONVERSION = YES;
				CLANG_WARN_NON_LITERAL_NULL_CONVERSION = YES;
				CLANG_WARN_OBJC_IMPLICIT_RETAIN_SELF = YES;
				CLANG_WARN_OBJC_LITERAL_CONVERSION = YES;
				CLANG_WARN_OBJC_ROOT_CLASS = YES_ERROR;
				CLANG_WARN_RANGE_LOOP_ANALYSIS = YES;
				CLANG_WARN_STRICT_PROTOTYPES = YES;
				CLANG_WARN_SUSPICIOUS_MOVE = YES;
				CLANG_WARN_UNGUARDED_AVAILABILITY = YES_AGGRESSIVE;
				CLANG_WARN_UNREACHABLE_CODE = YES;
				CLANG_WARN__DUPLICATE_METHOD_MATCH = YES;
				COPY_PHASE_STRIP = NO;
				DEBUG_INFORMATION_FORMAT = "dwarf-with-dsym";
				ENABLE_NS_ASSERTIONS = NO;
				ENABLE_STRICT_OBJC_MSGSEND = YES;
				GCC_C_LANGUAGE_STANDARD = gnu11;
				GCC_NO_COMMON_BLOCKS = YES;
				GCC_WARN_64_TO_32_BIT_CONVERSION = YES;
				GCC_WARN_ABOUT_RETURN_TYPE = YES_ERROR;
				GCC_WARN_UNDECLARED_SELECTOR = YES;
				GCC_WARN_UNINITIALIZED_AUTOS = YES_AGGRESSIVE;
				GCC_WARN_UNUSED_FUNCTION = YES;
				GCC_WARN_UNUSED_VARIABLE = YES;
				IPHONEOS_DEPLOYMENT_TARGET = 13.2;
				MTL_ENABLE_DEBUG_INFO = NO;
				MTL_FAST_MATH = YES;
				SDKROOT = iphoneos;
				SWIFT_COMPILATION_MODE = wholemodule;
				SWIFT_OPTIMIZATION_LEVEL = "-O";
				VALIDATE_PRODUCT = YES;
			};
			name = Release;
		};
		DDDB7A3824078A4E0030178A /* Debug */ = {
			isa = XCBuildConfiguration;
			baseConfigurationReference = CDD32372810ED8DF38367EE8 /* Pods-CapstoneProject.debug.xcconfig */;
			buildSettings = {
				ASSETCATALOG_COMPILER_APPICON_NAME = AppIcon;
				CODE_SIGN_STYLE = Automatic;
				DEVELOPMENT_TEAM = U64M85Q3K5;
				INFOPLIST_FILE = CapstoneProject/Info.plist;
				LD_RUNPATH_SEARCH_PATHS = (
					"$(inherited)",
					"@executable_path/Frameworks",
				);
				PRODUCT_BUNDLE_IDENTIFIER = com.BJUT.CapstoneProject;
				PRODUCT_NAME = "$(TARGET_NAME)";
				SWIFT_VERSION = 4.2;
				TARGETED_DEVICE_FAMILY = "1,2";
			};
			name = Debug;
		};
		DDDB7A3924078A4E0030178A /* Release */ = {
			isa = XCBuildConfiguration;
			baseConfigurationReference = 9924FAEE87ED36BFB434EB87 /* Pods-CapstoneProject.release.xcconfig */;
			buildSettings = {
				ASSETCATALOG_COMPILER_APPICON_NAME = AppIcon;
				CODE_SIGN_STYLE = Automatic;
				DEVELOPMENT_TEAM = U64M85Q3K5;
				INFOPLIST_FILE = CapstoneProject/Info.plist;
				LD_RUNPATH_SEARCH_PATHS = (
					"$(inherited)",
					"@executable_path/Frameworks",
				);
				PRODUCT_BUNDLE_IDENTIFIER = com.BJUT.CapstoneProject;
				PRODUCT_NAME = "$(TARGET_NAME)";
				SWIFT_VERSION = 4.2;
				TARGETED_DEVICE_FAMILY = "1,2";
			};
			name = Release;
		};
/* End XCBuildConfiguration section */

/* Begin XCConfigurationList section */
		DDDB7A1E24078A4B0030178A /* Build configuration list for PBXProject "CapstoneProject" */ = {
			isa = XCConfigurationList;
			buildConfigurations = (
				DDDB7A3524078A4E0030178A /* Debug */,
				DDDB7A3624078A4E0030178A /* Release */,
			);
			defaultConfigurationIsVisible = 0;
			defaultConfigurationName = Release;
		};
		DDDB7A3724078A4E0030178A /* Build configuration list for PBXNativeTarget "CapstoneProject" */ = {
			isa = XCConfigurationList;
			buildConfigurations = (
				DDDB7A3824078A4E0030178A /* Debug */,
				DDDB7A3924078A4E0030178A /* Release */,
			);
			defaultConfigurationIsVisible = 0;
			defaultConfigurationName = Release;
		};
/* End XCConfigurationList section */
	};
	rootObject = DDDB7A1B24078A4B0030178A /* Project object */;
}
